{
  "version": 4,
  "terraform_version": "1.6.3",
  "serial": 409,
  "lineage": "088f6248-9ca0-5526-5070-bc1802201c4a",
  "outputs": {},
  "resources": [
    {
      "mode": "data",
      "type": "aws_iam_policy_document",
      "name": "dynamodb_policy",
      "provider": "provider[\"registry.terraform.io/hashicorp/aws\"]",
      "instances": [
        {
          "schema_version": 0,
          "attributes": {
            "id": "189597376",
            "json": "{\n  \"Version\": \"2012-10-17\",\n  \"Statement\": [\n    {\n      \"Effect\": \"Allow\",\n      \"Action\": [\n        \"dynamodb:UpdateItem\",\n        \"dynamodb:Scan\",\n        \"dynamodb:Query\",\n        \"dynamodb:PutItem\",\n        \"dynamodb:GetItem\",\n        \"dynamodb:BatchWriteItem\",\n        \"dynamodb:BatchGetItem\"\n      ],\n      \"Resource\": [\n        \"arn:aws:dynamodb:us-east-1:289333746714:table/pica-dev-loans\",\n        \"arn:aws:dynamodb:us-east-1:289333746714:table/pica-dev-interase-rate\",\n        \"arn:aws:dynamodb:us-east-1:289333746714:table/pica-dev-insurance\",\n        \"arn:aws:dynamodb:us-east-1:289333746714:table/pica-dev-customer\"\n      ]\n    }\n  ]\n}",
            "override_policy_documents": null,
            "policy_id": null,
            "source_policy_documents": null,
            "statement": [
              {
                "actions": [
                  "dynamodb:BatchGetItem",
                  "dynamodb:BatchWriteItem",
                  "dynamodb:GetItem",
                  "dynamodb:PutItem",
                  "dynamodb:Query",
                  "dynamodb:Scan",
                  "dynamodb:UpdateItem"
                ],
                "condition": [],
                "effect": "Allow",
                "not_actions": [],
                "not_principals": [],
                "not_resources": [],
                "principals": [],
                "resources": [
                  "arn:aws:dynamodb:us-east-1:289333746714:table/pica-dev-customer",
                  "arn:aws:dynamodb:us-east-1:289333746714:table/pica-dev-insurance",
                  "arn:aws:dynamodb:us-east-1:289333746714:table/pica-dev-interase-rate",
                  "arn:aws:dynamodb:us-east-1:289333746714:table/pica-dev-loans"
                ],
                "sid": ""
              }
            ],
            "version": "2012-10-17"
          },
          "sensitive_attributes": []
        }
      ]
    },
    {
      "mode": "data",
      "type": "aws_iam_policy_document",
      "name": "group_role",
      "provider": "provider[\"registry.terraform.io/hashicorp/aws\"]",
      "instances": [
        {
          "schema_version": 0,
          "attributes": {
            "id": "796330930",
            "json": "{\n  \"Version\": \"2012-10-17\",\n  \"Statement\": [\n    {\n      \"Effect\": \"Allow\",\n      \"Action\": \"sts:AssumeRoleWithWebIdentity\",\n      \"Principal\": {\n        \"Federated\": \"cognito-identity.amazonaws.com\"\n      },\n      \"Condition\": {\n        \"ForAnyValue:StringLike\": {\n          \"cognito-identity.amazonaws.com:amr\": \"authenticated\"\n        },\n        \"StringEquals\": {\n          \"cognito-identity.amazonaws.com:aud\": \"*\"\n        }\n      }\n    }\n  ]\n}",
            "override_policy_documents": null,
            "policy_id": null,
            "source_policy_documents": null,
            "statement": [
              {
                "actions": [
                  "sts:AssumeRoleWithWebIdentity"
                ],
                "condition": [
                  {
                    "test": "ForAnyValue:StringLike",
                    "values": [
                      "authenticated"
                    ],
                    "variable": "cognito-identity.amazonaws.com:amr"
                  },
                  {
                    "test": "StringEquals",
                    "values": [
                      "*"
                    ],
                    "variable": "cognito-identity.amazonaws.com:aud"
                  }
                ],
                "effect": "Allow",
                "not_actions": [],
                "not_principals": [],
                "not_resources": [],
                "principals": [
                  {
                    "identifiers": [
                      "cognito-identity.amazonaws.com"
                    ],
                    "type": "Federated"
                  }
                ],
                "resources": [],
                "sid": ""
              }
            ],
            "version": "2012-10-17"
          },
          "sensitive_attributes": []
        }
      ]
    },
    {
      "mode": "managed",
      "type": "aws_api_gateway_authorizer",
      "name": "pica_dev_api_authorizer",
      "provider": "provider[\"registry.terraform.io/hashicorp/aws\"]",
      "instances": [
        {
          "index_key": 0,
          "schema_version": 0,
          "attributes": {
            "arn": "arn:aws:apigateway:us-east-1::/restapis/vwmyj6e7wa/authorizers/em260t",
            "authorizer_credentials": "",
            "authorizer_result_ttl_in_seconds": 300,
            "authorizer_uri": "pica-dev",
            "id": "em260t",
            "identity_source": "method.request.header.Authorization",
            "identity_validation_expression": "",
            "name": "pica-dev-cognito-authorizer",
            "provider_arns": [
              "arn:aws:cognito-idp:us-east-1:289333746714:userpool/us-east-1_Mm1kkpYMf"
            ],
            "rest_api_id": "vwmyj6e7wa",
            "type": "COGNITO_USER_POOLS"
          },
          "sensitive_attributes": [],
          "private": "bnVsbA==",
          "dependencies": [
            "aws_api_gateway_rest_api.pica_dev_api",
            "aws_cognito_user_pool.pica_dev_pool",
            "aws_cognito_user_pool_domain.pica_dev_api_domain"
          ]
        }
      ]
    },
    {
      "mode": "managed",
      "type": "aws_api_gateway_deployment",
      "name": "pica_dev_api_deployment",
      "provider": "provider[\"registry.terraform.io/hashicorp/aws\"]",
      "instances": [
        {
          "index_key": 0,
          "schema_version": 0,
          "attributes": {
            "created_date": "2023-11-12T06:40:43Z",
            "description": "",
            "execution_arn": "arn:aws:execute-api:us-east-1:289333746714:vwmyj6e7wa/",
            "id": "ql9p8r",
            "invoke_url": "https://vwmyj6e7wa.execute-api.us-east-1.amazonaws.com/",
            "rest_api_id": "vwmyj6e7wa",
            "stage_description": "Deployment for develop stage",
            "stage_name": null,
            "triggers": null,
            "variables": null
          },
          "sensitive_attributes": [],
          "private": "bnVsbA==",
          "dependencies": [
            "aws_api_gateway_authorizer.pica_dev_api_authorizer",
            "aws_api_gateway_integration.pica_dev_get_rate_integration",
            "aws_api_gateway_method.pica_dev_get_rate_method",
            "aws_api_gateway_resource.pica_dev_rate_resource",
            "aws_api_gateway_rest_api.pica_dev_api",
            "aws_cognito_user_pool.pica_dev_pool",
            "aws_cognito_user_pool_domain.pica_dev_api_domain",
            "aws_iam_role.lambda_role",
            "aws_lambda_function.lambda_dev_interase_rate",
            "aws_security_group.pica_lambda_sg",
            "aws_subnet.pica_subnet_private",
            "aws_vpc.pica"
          ]
        }
      ]
    },
    {
      "mode": "managed",
      "type": "aws_api_gateway_integration",
      "name": "pica_dev_get_insurance_integration",
      "provider": "provider[\"registry.terraform.io/hashicorp/aws\"]",
      "instances": [
        {
          "index_key": 0,
          "schema_version": 0,
          "attributes": {
            "cache_key_parameters": [],
            "cache_namespace": "wstbms",
            "connection_id": "",
            "connection_type": "INTERNET",
            "content_handling": "",
            "credentials": "",
            "http_method": "GET",
            "id": "agi-vwmyj6e7wa-wstbms-GET",
            "integration_http_method": "POST",
            "passthrough_behavior": "WHEN_NO_MATCH",
            "request_parameters": {},
            "request_templates": {},
            "resource_id": "wstbms",
            "rest_api_id": "vwmyj6e7wa",
            "timeout_milliseconds": 29000,
            "tls_config": [],
            "type": "AWS_PROXY",
            "uri": "arn:aws:apigateway:us-east-1:lambda:path/2015-03-31/functions/arn:aws:lambda:us-east-1:289333746714:function:lambda-dev-insurance/invocations"
          },
          "sensitive_attributes": [],
          "private": "bnVsbA==",
          "dependencies": [
            "aws_api_gateway_authorizer.pica_dev_api_authorizer",
            "aws_api_gateway_method.pica_dev_get_insurance_method",
            "aws_api_gateway_resource.pica_dev_insurance_resource",
            "aws_api_gateway_rest_api.pica_dev_api",
            "aws_cognito_user_pool.pica_dev_pool",
            "aws_cognito_user_pool_domain.pica_dev_api_domain",
            "aws_iam_role.lambda_role",
            "aws_lambda_function.lambda_dev_insurance",
            "aws_security_group.pica_lambda_sg",
            "aws_subnet.pica_subnet_private",
            "aws_vpc.pica"
          ]
        }
      ]
    },
    {
      "mode": "managed",
      "type": "aws_api_gateway_integration",
      "name": "pica_dev_get_rate_integration",
      "provider": "provider[\"registry.terraform.io/hashicorp/aws\"]",
      "instances": [
        {
          "index_key": 0,
          "schema_version": 0,
          "attributes": {
            "cache_key_parameters": [],
            "cache_namespace": "ezfp7z",
            "connection_id": "",
            "connection_type": "INTERNET",
            "content_handling": "",
            "credentials": "",
            "http_method": "GET",
            "id": "agi-vwmyj6e7wa-ezfp7z-GET",
            "integration_http_method": "POST",
            "passthrough_behavior": "WHEN_NO_MATCH",
            "request_parameters": {},
            "request_templates": {},
            "resource_id": "ezfp7z",
            "rest_api_id": "vwmyj6e7wa",
            "timeout_milliseconds": 29000,
            "tls_config": [],
            "type": "AWS_PROXY",
            "uri": "arn:aws:apigateway:us-east-1:lambda:path/2015-03-31/functions/arn:aws:lambda:us-east-1:289333746714:function:lambda-dev-interase-rate/invocations"
          },
          "sensitive_attributes": [],
          "private": "bnVsbA==",
          "dependencies": [
            "aws_api_gateway_authorizer.pica_dev_api_authorizer",
            "aws_api_gateway_method.pica_dev_get_rate_method",
            "aws_api_gateway_resource.pica_dev_rate_resource",
            "aws_api_gateway_rest_api.pica_dev_api",
            "aws_cognito_user_pool.pica_dev_pool",
            "aws_cognito_user_pool_domain.pica_dev_api_domain",
            "aws_iam_role.lambda_role",
            "aws_lambda_function.lambda_dev_interase_rate",
            "aws_security_group.pica_lambda_sg",
            "aws_subnet.pica_subnet_private",
            "aws_vpc.pica"
          ]
        }
      ]
    },
    {
      "mode": "managed",
      "type": "aws_api_gateway_integration",
      "name": "pica_dev_oauth2_token_integration",
      "provider": "provider[\"registry.terraform.io/hashicorp/aws\"]",
      "instances": [
        {
          "index_key": 0,
          "schema_version": 0,
          "attributes": {
            "cache_key_parameters": [],
            "cache_namespace": "sahc0j",
            "connection_id": "",
            "connection_type": "INTERNET",
            "content_handling": "",
            "credentials": "",
            "http_method": "POST",
            "id": "agi-vwmyj6e7wa-sahc0j-POST",
            "integration_http_method": "POST",
            "passthrough_behavior": "WHEN_NO_MATCH",
            "request_parameters": {},
            "request_templates": {},
            "resource_id": "sahc0j",
            "rest_api_id": "vwmyj6e7wa",
            "timeout_milliseconds": 29000,
            "tls_config": [],
            "type": "HTTP_PROXY",
            "uri": "https://pica-dev.auth.us-east-1.amazoncognito.com/oauth2/token"
          },
          "sensitive_attributes": [],
          "private": "bnVsbA==",
          "dependencies": [
            "aws_api_gateway_method.pica_dev_oauth2_token_post",
            "aws_api_gateway_resource.pica_dev_oauth2_token",
            "aws_api_gateway_rest_api.pica_dev_api"
          ]
        }
      ]
    },
    {
      "mode": "managed",
      "type": "aws_api_gateway_integration",
      "name": "pica_dev_post_calculate_integration",
      "provider": "provider[\"registry.terraform.io/hashicorp/aws\"]",
      "instances": [
        {
          "index_key": 0,
          "schema_version": 0,
          "attributes": {
            "cache_key_parameters": [],
            "cache_namespace": "dic0ok",
            "connection_id": "",
            "connection_type": "INTERNET",
            "content_handling": "",
            "credentials": "",
            "http_method": "POST",
            "id": "agi-vwmyj6e7wa-dic0ok-POST",
            "integration_http_method": "POST",
            "passthrough_behavior": "WHEN_NO_MATCH",
            "request_parameters": {},
            "request_templates": {},
            "resource_id": "dic0ok",
            "rest_api_id": "vwmyj6e7wa",
            "timeout_milliseconds": 29000,
            "tls_config": [],
            "type": "AWS_PROXY",
            "uri": "arn:aws:apigateway:us-east-1:lambda:path/2015-03-31/functions/arn:aws:lambda:us-east-1:289333746714:function:lambda-dev-calculate/invocations"
          },
          "sensitive_attributes": [],
          "private": "bnVsbA==",
          "dependencies": [
            "aws_api_gateway_authorizer.pica_dev_api_authorizer",
            "aws_api_gateway_method.pica_dev_calculate_method",
            "aws_api_gateway_resource.pica_dev_calculate_resource",
            "aws_api_gateway_rest_api.pica_dev_api",
            "aws_cognito_user_pool.pica_dev_pool",
            "aws_cognito_user_pool_domain.pica_dev_api_domain",
            "aws_iam_role.lambda_role",
            "aws_lambda_function.lambda_dev_calculate",
            "aws_security_group.pica_lambda_sg",
            "aws_subnet.pica_subnet_private",
            "aws_vpc.pica"
          ]
        }
      ]
    },
    {
      "mode": "managed",
      "type": "aws_api_gateway_integration",
      "name": "pica_dev_post_preapproved_integration",
      "provider": "provider[\"registry.terraform.io/hashicorp/aws\"]",
      "instances": [
        {
          "index_key": 0,
          "schema_version": 0,
          "attributes": {
            "cache_key_parameters": [],
            "cache_namespace": "qrd90c",
            "connection_id": "",
            "connection_type": "INTERNET",
            "content_handling": "",
            "credentials": "arn:aws:iam::289333746714:role/pica-stepfunction-role",
            "http_method": "POST",
            "id": "agi-vwmyj6e7wa-qrd90c-POST",
            "integration_http_method": "POST",
            "passthrough_behavior": "WHEN_NO_MATCH",
            "request_parameters": {},
            "request_templates": {
              "application/json": "{\r\n  \"stateMachineArn\": \"arn:aws:states:us-east-1:289333746714:stateMachine:machine-dev-preaproved\",\r\n    #set($inputString = '')\r\n    #set($allParams = $input.params())\r\n    #set($inputString = \"$inputString,@@body@@: $input.body\")\r\n    #set($inputString = \"$inputString, @@headers@@:{\")\r\n    #foreach($paramName in $allParams.header.keySet())\r\n        #set($inputString = \"$inputString @@$paramName@@: @@$util.escapeJavaScript($allParams.header.get($paramName))@@\")\r\n        #if($foreach.hasNext)\r\n            #set($inputString = \"$inputString,\")\r\n        #end\r\n    #end\r\n    #set($inputString = \"$inputString }\")\r\n    #set($inputString = \"$inputString, @@path@@:@@$util.escapeJavaScript($context.resourcePath)@@\")\r\n    #set($inputString = \"$inputString}\")\r\n    #set($inputString = $inputString.replaceAll(\"@@\",'\"'))\r\n    #set($len = $inputString.length() - 1)\r\n    \"input\": \"{$util.escapeJavaScript($inputString.substring(1,$len))}\"\r\n}\r\n"
            },
            "resource_id": "qrd90c",
            "rest_api_id": "vwmyj6e7wa",
            "timeout_milliseconds": 29000,
            "tls_config": [],
            "type": "AWS",
            "uri": "arn:aws:apigateway:us-east-1:states:action/StartSyncExecution"
          },
          "sensitive_attributes": [],
          "private": "bnVsbA==",
          "dependencies": [
            "aws_api_gateway_authorizer.pica_dev_api_authorizer",
            "aws_api_gateway_method.pica_dev_post_preaproved_method",
            "aws_api_gateway_resource.pica_dev_preaproved_resource",
            "aws_api_gateway_rest_api.pica_dev_api",
            "aws_cognito_user_pool.pica_dev_pool",
            "aws_cognito_user_pool_domain.pica_dev_api_domain",
            "aws_iam_role.step_role",
            "aws_sfn_state_machine.pica_dev_preaproved_machine"
          ]
        }
      ]
    },
    {
      "mode": "managed",
      "type": "aws_api_gateway_integration_response",
      "name": "pica_dev_oauth2_token_integration_response",
      "provider": "provider[\"registry.terraform.io/hashicorp/aws\"]",
      "instances": [
        {
          "index_key": 0,
          "schema_version": 0,
          "attributes": {
            "content_handling": "",
            "http_method": "POST",
            "id": "agir-vwmyj6e7wa-sahc0j-POST-200",
            "resource_id": "sahc0j",
            "response_parameters": {},
            "response_templates": {
              "application/json": ""
            },
            "rest_api_id": "vwmyj6e7wa",
            "selection_pattern": "",
            "status_code": "200"
          },
          "sensitive_attributes": [],
          "private": "bnVsbA==",
          "dependencies": [
            "aws_api_gateway_method.pica_dev_oauth2_token_post",
            "aws_api_gateway_resource.pica_dev_oauth2_token",
            "aws_api_gateway_rest_api.pica_dev_api"
          ]
        }
      ]
    },
    {
      "mode": "managed",
      "type": "aws_api_gateway_integration_response",
      "name": "pica_dev_oauth2_token_integration_response_200",
      "provider": "provider[\"registry.terraform.io/hashicorp/aws\"]",
      "instances": [
        {
          "index_key": 0,
          "schema_version": 0,
          "attributes": {
            "content_handling": "",
            "http_method": "POST",
            "id": "agir-vwmyj6e7wa-sahc0j-POST-200",
            "resource_id": "sahc0j",
            "response_parameters": {},
            "response_templates": {
              "application/json": ""
            },
            "rest_api_id": "vwmyj6e7wa",
            "selection_pattern": "",
            "status_code": "200"
          },
          "sensitive_attributes": [],
          "private": "bnVsbA==",
          "dependencies": [
            "aws_api_gateway_method.pica_dev_oauth2_token_post",
            "aws_api_gateway_resource.pica_dev_oauth2_token",
            "aws_api_gateway_rest_api.pica_dev_api"
          ]
        }
      ]
    },
    {
      "mode": "managed",
      "type": "aws_api_gateway_integration_response",
      "name": "pica_dev_post_preapproved_integration_response",
      "provider": "provider[\"registry.terraform.io/hashicorp/aws\"]",
      "instances": [
        {
          "index_key": 0,
          "schema_version": 0,
          "attributes": {
            "content_handling": "",
            "http_method": "POST",
            "id": "agir-vwmyj6e7wa-qrd90c-POST-200",
            "resource_id": "qrd90c",
            "response_parameters": {},
            "response_templates": {
              "application/json": "  {\r\n  #set ($ObjOut = $util.parseJson($input.body))\r\n  #if ($ObjOut.status == \"SUCCEEDED\")\r\n    #set ($bodyObj = $util.parseJson($ObjOut.output))\r\n    #set($context.responseOverride.status = $bodyObj.statusCode)\r\n    #foreach($nameHeader in $bodyObj.headers.keySet())\r\n        #set($context.responseOverride.header[$nameHeader] = \"$bodyObj.headers.get($nameHeader)\")\r\n    #end\r\n    $bodyObj.body\r\n  #else\r\n    #set($context.responseOverride.status = 500)\r\n    {\r\n        \"code\": \"9998\",\r\n        \"desc\": \"TECHNICAL_ERROR\"\r\n    }\r\n  #end\r\n  }\r\n"
            },
            "rest_api_id": "vwmyj6e7wa",
            "selection_pattern": "",
            "status_code": "200"
          },
          "sensitive_attributes": [],
          "private": "bnVsbA==",
          "dependencies": [
            "aws_api_gateway_authorizer.pica_dev_api_authorizer",
            "aws_api_gateway_method.pica_dev_post_preaproved_method",
            "aws_api_gateway_resource.pica_dev_preaproved_resource",
            "aws_api_gateway_rest_api.pica_dev_api",
            "aws_cognito_user_pool.pica_dev_pool",
            "aws_cognito_user_pool_domain.pica_dev_api_domain"
          ]
        }
      ]
    },
    {
      "mode": "managed",
      "type": "aws_api_gateway_method",
      "name": "pica_dev_calculate_method",
      "provider": "provider[\"registry.terraform.io/hashicorp/aws\"]",
      "instances": [
        {
          "index_key": 0,
          "schema_version": 0,
          "attributes": {
            "api_key_required": false,
            "authorization": "COGNITO_USER_POOLS",
            "authorization_scopes": [
              "pica-dev-server/write"
            ],
            "authorizer_id": "em260t",
            "http_method": "POST",
            "id": "agm-vwmyj6e7wa-dic0ok-POST",
            "operation_name": "",
            "request_models": {},
            "request_parameters": {},
            "request_validator_id": "",
            "resource_id": "dic0ok",
            "rest_api_id": "vwmyj6e7wa"
          },
          "sensitive_attributes": [],
          "private": "bnVsbA==",
          "dependencies": [
            "aws_api_gateway_authorizer.pica_dev_api_authorizer",
            "aws_api_gateway_resource.pica_dev_calculate_resource",
            "aws_api_gateway_rest_api.pica_dev_api",
            "aws_cognito_user_pool.pica_dev_pool",
            "aws_cognito_user_pool_domain.pica_dev_api_domain"
          ]
        }
      ]
    },
    {
      "mode": "managed",
      "type": "aws_api_gateway_method",
      "name": "pica_dev_get_insurance_method",
      "provider": "provider[\"registry.terraform.io/hashicorp/aws\"]",
      "instances": [
        {
          "index_key": 0,
          "schema_version": 0,
          "attributes": {
            "api_key_required": false,
            "authorization": "COGNITO_USER_POOLS",
            "authorization_scopes": [
              "pica-dev-server/write"
            ],
            "authorizer_id": "em260t",
            "http_method": "GET",
            "id": "agm-vwmyj6e7wa-wstbms-GET",
            "operation_name": "",
            "request_models": {},
            "request_parameters": {},
            "request_validator_id": "",
            "resource_id": "wstbms",
            "rest_api_id": "vwmyj6e7wa"
          },
          "sensitive_attributes": [],
          "private": "bnVsbA==",
          "dependencies": [
            "aws_api_gateway_authorizer.pica_dev_api_authorizer",
            "aws_api_gateway_resource.pica_dev_insurance_resource",
            "aws_api_gateway_rest_api.pica_dev_api",
            "aws_cognito_user_pool.pica_dev_pool",
            "aws_cognito_user_pool_domain.pica_dev_api_domain"
          ]
        }
      ]
    },
    {
      "mode": "managed",
      "type": "aws_api_gateway_method",
      "name": "pica_dev_get_rate_method",
      "provider": "provider[\"registry.terraform.io/hashicorp/aws\"]",
      "instances": [
        {
          "index_key": 0,
          "schema_version": 0,
          "attributes": {
            "api_key_required": false,
            "authorization": "COGNITO_USER_POOLS",
            "authorization_scopes": [
              "pica-dev-server/write"
            ],
            "authorizer_id": "em260t",
            "http_method": "GET",
            "id": "agm-vwmyj6e7wa-ezfp7z-GET",
            "operation_name": "",
            "request_models": {},
            "request_parameters": {},
            "request_validator_id": "",
            "resource_id": "ezfp7z",
            "rest_api_id": "vwmyj6e7wa"
          },
          "sensitive_attributes": [],
          "private": "bnVsbA==",
          "dependencies": [
            "aws_api_gateway_authorizer.pica_dev_api_authorizer",
            "aws_api_gateway_resource.pica_dev_rate_resource",
            "aws_api_gateway_rest_api.pica_dev_api",
            "aws_cognito_user_pool.pica_dev_pool",
            "aws_cognito_user_pool_domain.pica_dev_api_domain"
          ]
        }
      ]
    },
    {
      "mode": "managed",
      "type": "aws_api_gateway_method",
      "name": "pica_dev_oauth2_token_post",
      "provider": "provider[\"registry.terraform.io/hashicorp/aws\"]",
      "instances": [
        {
          "index_key": 0,
          "schema_version": 0,
          "attributes": {
            "api_key_required": false,
            "authorization": "NONE",
            "authorization_scopes": [],
            "authorizer_id": "",
            "http_method": "POST",
            "id": "agm-vwmyj6e7wa-sahc0j-POST",
            "operation_name": "",
            "request_models": {},
            "request_parameters": {},
            "request_validator_id": "",
            "resource_id": "sahc0j",
            "rest_api_id": "vwmyj6e7wa"
          },
          "sensitive_attributes": [],
          "private": "bnVsbA==",
          "dependencies": [
            "aws_api_gateway_resource.pica_dev_oauth2_token",
            "aws_api_gateway_rest_api.pica_dev_api"
          ]
        }
      ]
    },
    {
      "mode": "managed",
      "type": "aws_api_gateway_method",
      "name": "pica_dev_post_preaproved_method",
      "provider": "provider[\"registry.terraform.io/hashicorp/aws\"]",
      "instances": [
        {
          "index_key": 0,
          "schema_version": 0,
          "attributes": {
            "api_key_required": false,
            "authorization": "COGNITO_USER_POOLS",
            "authorization_scopes": [
              "pica-dev-server/write"
            ],
            "authorizer_id": "em260t",
            "http_method": "POST",
            "id": "agm-vwmyj6e7wa-qrd90c-POST",
            "operation_name": "",
            "request_models": {},
            "request_parameters": {},
            "request_validator_id": "",
            "resource_id": "qrd90c",
            "rest_api_id": "vwmyj6e7wa"
          },
          "sensitive_attributes": [],
          "private": "bnVsbA==",
          "dependencies": [
            "aws_api_gateway_authorizer.pica_dev_api_authorizer",
            "aws_api_gateway_resource.pica_dev_preaproved_resource",
            "aws_api_gateway_rest_api.pica_dev_api",
            "aws_cognito_user_pool.pica_dev_pool",
            "aws_cognito_user_pool_domain.pica_dev_api_domain"
          ]
        }
      ]
    },
    {
      "mode": "managed",
      "type": "aws_api_gateway_method_response",
      "name": "pica_dev_method_response",
      "provider": "provider[\"registry.terraform.io/hashicorp/aws\"]",
      "instances": [
        {
          "index_key": 0,
          "schema_version": 0,
          "attributes": {
            "http_method": "POST",
            "id": "agmr-vwmyj6e7wa-qrd90c-POST-200",
            "resource_id": "qrd90c",
            "response_models": {
              "application/json": "Empty"
            },
            "response_parameters": {
              "method.response.header.Content-Type": true
            },
            "rest_api_id": "vwmyj6e7wa",
            "status_code": "200"
          },
          "sensitive_attributes": [],
          "private": "bnVsbA==",
          "dependencies": [
            "aws_api_gateway_authorizer.pica_dev_api_authorizer",
            "aws_api_gateway_method.pica_dev_post_preaproved_method",
            "aws_api_gateway_resource.pica_dev_preaproved_resource",
            "aws_api_gateway_rest_api.pica_dev_api",
            "aws_cognito_user_pool.pica_dev_pool",
            "aws_cognito_user_pool_domain.pica_dev_api_domain"
          ]
        }
      ]
    },
    {
      "mode": "managed",
      "type": "aws_api_gateway_method_response",
      "name": "pica_dev_oauth2_token_method_response",
      "provider": "provider[\"registry.terraform.io/hashicorp/aws\"]",
      "instances": [
        {
          "index_key": 0,
          "schema_version": 0,
          "attributes": {
            "http_method": "POST",
            "id": "agmr-vwmyj6e7wa-sahc0j-POST-200",
            "resource_id": "sahc0j",
            "response_models": {
              "application/json": "Empty"
            },
            "response_parameters": {},
            "rest_api_id": "vwmyj6e7wa",
            "status_code": "200"
          },
          "sensitive_attributes": [],
          "private": "bnVsbA==",
          "dependencies": [
            "aws_api_gateway_method.pica_dev_oauth2_token_post",
            "aws_api_gateway_resource.pica_dev_oauth2_token",
            "aws_api_gateway_rest_api.pica_dev_api"
          ]
        }
      ]
    },
    {
      "mode": "managed",
      "type": "aws_api_gateway_resource",
      "name": "pica_dev_calculate_resource",
      "provider": "provider[\"registry.terraform.io/hashicorp/aws\"]",
      "instances": [
        {
          "index_key": 0,
          "schema_version": 0,
          "attributes": {
            "id": "dic0ok",
            "parent_id": "hnqjxsb4j1",
            "path": "/calculate",
            "path_part": "calculate",
            "rest_api_id": "vwmyj6e7wa"
          },
          "sensitive_attributes": [],
          "private": "bnVsbA==",
          "dependencies": [
            "aws_api_gateway_rest_api.pica_dev_api"
          ]
        }
      ]
    },
    {
      "mode": "managed",
      "type": "aws_api_gateway_resource",
      "name": "pica_dev_insurance_resource",
      "provider": "provider[\"registry.terraform.io/hashicorp/aws\"]",
      "instances": [
        {
          "index_key": 0,
          "schema_version": 0,
          "attributes": {
            "id": "wstbms",
            "parent_id": "hnqjxsb4j1",
            "path": "/insurance",
            "path_part": "insurance",
            "rest_api_id": "vwmyj6e7wa"
          },
          "sensitive_attributes": [],
          "private": "bnVsbA==",
          "dependencies": [
            "aws_api_gateway_rest_api.pica_dev_api"
          ]
        }
      ]
    },
    {
      "mode": "managed",
      "type": "aws_api_gateway_resource",
      "name": "pica_dev_oauth2_token",
      "provider": "provider[\"registry.terraform.io/hashicorp/aws\"]",
      "instances": [
        {
          "index_key": 0,
          "schema_version": 0,
          "attributes": {
            "id": "sahc0j",
            "parent_id": "hnqjxsb4j1",
            "path": "/authorizer",
            "path_part": "authorizer",
            "rest_api_id": "vwmyj6e7wa"
          },
          "sensitive_attributes": [],
          "private": "bnVsbA==",
          "dependencies": [
            "aws_api_gateway_rest_api.pica_dev_api"
          ]
        }
      ]
    },
    {
      "mode": "managed",
      "type": "aws_api_gateway_resource",
      "name": "pica_dev_preaproved_resource",
      "provider": "provider[\"registry.terraform.io/hashicorp/aws\"]",
      "instances": [
        {
          "index_key": 0,
          "schema_version": 0,
          "attributes": {
            "id": "qrd90c",
            "parent_id": "hnqjxsb4j1",
            "path": "/preaproved",
            "path_part": "preaproved",
            "rest_api_id": "vwmyj6e7wa"
          },
          "sensitive_attributes": [],
          "private": "bnVsbA==",
          "dependencies": [
            "aws_api_gateway_rest_api.pica_dev_api"
          ]
        }
      ]
    },
    {
      "mode": "managed",
      "type": "aws_api_gateway_resource",
      "name": "pica_dev_rate_resource",
      "provider": "provider[\"registry.terraform.io/hashicorp/aws\"]",
      "instances": [
        {
          "index_key": 0,
          "schema_version": 0,
          "attributes": {
            "id": "ezfp7z",
            "parent_id": "hnqjxsb4j1",
            "path": "/rate",
            "path_part": "rate",
            "rest_api_id": "vwmyj6e7wa"
          },
          "sensitive_attributes": [],
          "private": "bnVsbA==",
          "dependencies": [
            "aws_api_gateway_rest_api.pica_dev_api"
          ]
        }
      ]
    },
    {
      "mode": "managed",
      "type": "aws_api_gateway_rest_api",
      "name": "pica_dev_api",
      "provider": "provider[\"registry.terraform.io/hashicorp/aws\"]",
      "instances": [
        {
          "index_key": 0,
          "schema_version": 0,
          "attributes": {
            "api_key_source": "HEADER",
            "arn": "arn:aws:apigateway:us-east-1::/restapis/vwmyj6e7wa",
            "binary_media_types": [],
            "body": null,
            "created_date": "2023-11-12T06:40:35Z",
            "description": "API gateway for pica proyect",
            "disable_execute_api_endpoint": false,
            "endpoint_configuration": [
              {
                "types": [
                  "EDGE"
                ],
                "vpc_endpoint_ids": []
              }
            ],
            "execution_arn": "arn:aws:execute-api:us-east-1:289333746714:vwmyj6e7wa",
            "fail_on_warnings": null,
            "id": "vwmyj6e7wa",
            "minimum_compression_size": "",
            "name": "pica-dev-api",
            "parameters": null,
            "policy": "",
            "put_rest_api_mode": null,
            "root_resource_id": "hnqjxsb4j1",
            "tags": {},
            "tags_all": {}
          },
          "sensitive_attributes": [],
          "private": "bnVsbA=="
        }
      ]
    },
    {
      "mode": "managed",
      "type": "aws_api_gateway_stage",
      "name": "pica_dev_stage",
      "provider": "provider[\"registry.terraform.io/hashicorp/aws\"]",
      "instances": [
        {
          "index_key": 0,
          "schema_version": 0,
          "attributes": {
            "access_log_settings": [],
            "arn": "arn:aws:apigateway:us-east-1::/restapis/vwmyj6e7wa/stages/dev",
            "cache_cluster_enabled": false,
            "cache_cluster_size": "",
            "canary_settings": [],
            "client_certificate_id": "",
            "deployment_id": "ql9p8r",
            "description": "",
            "documentation_version": "",
            "execution_arn": "arn:aws:execute-api:us-east-1:289333746714:vwmyj6e7wa/dev",
            "id": "ags-vwmyj6e7wa-dev",
            "invoke_url": "https://vwmyj6e7wa.execute-api.us-east-1.amazonaws.com/dev",
            "rest_api_id": "vwmyj6e7wa",
            "stage_name": "dev",
            "tags": {},
            "tags_all": {},
            "variables": {},
            "web_acl_arn": "",
            "xray_tracing_enabled": false
          },
          "sensitive_attributes": [],
          "private": "bnVsbA==",
          "dependencies": [
            "aws_api_gateway_authorizer.pica_dev_api_authorizer",
            "aws_api_gateway_deployment.pica_dev_api_deployment",
            "aws_api_gateway_integration.pica_dev_get_rate_integration",
            "aws_api_gateway_method.pica_dev_get_rate_method",
            "aws_api_gateway_resource.pica_dev_rate_resource",
            "aws_api_gateway_rest_api.pica_dev_api",
            "aws_cognito_user_pool.pica_dev_pool",
            "aws_cognito_user_pool_domain.pica_dev_api_domain",
            "aws_iam_role.lambda_role",
            "aws_lambda_function.lambda_dev_interase_rate",
            "aws_security_group.pica_lambda_sg",
            "aws_subnet.pica_subnet_private",
            "aws_vpc.pica"
          ]
        }
      ]
    },
    {
      "mode": "managed",
      "type": "aws_cognito_resource_server",
      "name": "pica_dev_server",
      "provider": "provider[\"registry.terraform.io/hashicorp/aws\"]",
      "instances": [
        {
          "index_key": 0,
          "schema_version": 0,
          "attributes": {
            "id": "us-east-1_Mm1kkpYMf|pica-dev-server",
            "identifier": "pica-dev-server",
            "name": "Example Resource Server",
            "scope": [
              {
                "scope_description": "Read access",
                "scope_name": "read"
              },
              {
                "scope_description": "Write access",
                "scope_name": "write"
              }
            ],
            "scope_identifiers": [
              "pica-dev-server/read",
              "pica-dev-server/write"
            ],
            "user_pool_id": "us-east-1_Mm1kkpYMf"
          },
          "sensitive_attributes": [],
          "private": "bnVsbA==",
          "dependencies": [
            "aws_cognito_user_pool.pica_dev_pool"
          ]
        }
      ]
    },
    {
      "mode": "managed",
      "type": "aws_cognito_user_pool",
      "name": "pica_dev_pool",
      "provider": "provider[\"registry.terraform.io/hashicorp/aws\"]",
      "instances": [
        {
          "index_key": 0,
          "schema_version": 0,
          "attributes": {
            "account_recovery_setting": [
              {
                "recovery_mechanism": [
                  {
                    "name": "verified_email",
                    "priority": 1
                  },
                  {
                    "name": "verified_phone_number",
                    "priority": 2
                  }
                ]
              }
            ],
            "admin_create_user_config": [
              {
                "allow_admin_create_user_only": false,
                "invite_message_template": []
              }
            ],
            "alias_attributes": null,
            "arn": "arn:aws:cognito-idp:us-east-1:289333746714:userpool/us-east-1_Mm1kkpYMf",
            "auto_verified_attributes": [
              "email"
            ],
            "creation_date": "2023-11-12T06:40:36Z",
            "custom_domain": "",
            "deletion_protection": "INACTIVE",
            "device_configuration": [],
            "domain": "pica-dev",
            "email_configuration": [
              {
                "configuration_set": "",
                "email_sending_account": "COGNITO_DEFAULT",
                "from_email_address": "",
                "reply_to_email_address": "",
                "source_arn": ""
              }
            ],
            "email_verification_message": "",
            "email_verification_subject": "",
            "endpoint": "cognito-idp.us-east-1.amazonaws.com/us-east-1_Mm1kkpYMf",
            "estimated_number_of_users": 0,
            "id": "us-east-1_Mm1kkpYMf",
            "lambda_config": [],
            "last_modified_date": "2023-11-15T17:40:49Z",
            "mfa_configuration": "OFF",
            "name": "pica-dev-pool",
            "password_policy": [
              {
                "minimum_length": 8,
                "require_lowercase": true,
                "require_numbers": true,
                "require_symbols": true,
                "require_uppercase": true,
                "temporary_password_validity_days": 7
              }
            ],
            "schema": [
              {
                "attribute_data_type": "String",
                "developer_only_attribute": false,
                "mutable": false,
                "name": "email",
                "number_attribute_constraints": [],
                "required": true,
                "string_attribute_constraints": []
              }
            ],
            "sms_authentication_message": "",
            "sms_configuration": [],
            "sms_verification_message": "",
            "software_token_mfa_configuration": [],
            "tags": {},
            "tags_all": {},
            "user_attribute_update_settings": [],
            "user_pool_add_ons": [],
            "username_attributes": [
              "email"
            ],
            "username_configuration": [],
            "verification_message_template": [
              {
                "default_email_option": "CONFIRM_WITH_CODE",
                "email_message": "",
                "email_message_by_link": "",
                "email_subject": "",
                "email_subject_by_link": "",
                "sms_message": ""
              }
            ]
          },
          "sensitive_attributes": [],
          "private": "bnVsbA=="
        }
      ]
    },
    {
      "mode": "managed",
      "type": "aws_cognito_user_pool_client",
      "name": "pica_dev_client",
      "provider": "provider[\"registry.terraform.io/hashicorp/aws\"]",
      "instances": [
        {
          "index_key": 0,
          "schema_version": 0,
          "attributes": {
            "access_token_validity": 0,
            "allowed_oauth_flows": [
              "client_credentials"
            ],
            "allowed_oauth_flows_user_pool_client": true,
            "allowed_oauth_scopes": [
              "pica-dev-server/read",
              "pica-dev-server/write"
            ],
            "analytics_configuration": [],
            "auth_session_validity": 3,
            "callback_urls": [],
            "client_secret": "qmnootcl47vtf1ct84je8fke6fmndstbqjlhle8s09ltia8ta8j",
            "default_redirect_uri": "",
            "enable_propagate_additional_user_context_data": false,
            "enable_token_revocation": true,
            "explicit_auth_flows": [
              "ALLOW_CUSTOM_AUTH",
              "ALLOW_REFRESH_TOKEN_AUTH",
              "ALLOW_USER_SRP_AUTH"
            ],
            "generate_secret": true,
            "id": "4ebd1hfil75e58rok1gs03derm",
            "id_token_validity": 0,
            "logout_urls": [],
            "name": "pica-dev-client",
            "prevent_user_existence_errors": "",
            "read_attributes": [],
            "refresh_token_validity": 30,
            "supported_identity_providers": [],
            "token_validity_units": [
              {
                "access_token": "hours",
                "id_token": "hours",
                "refresh_token": "days"
              }
            ],
            "user_pool_id": "us-east-1_Mm1kkpYMf",
            "write_attributes": []
          },
          "sensitive_attributes": [],
          "dependencies": [
            "aws_cognito_user_pool.pica_dev_pool"
          ]
        }
      ]
    },
    {
      "mode": "managed",
      "type": "aws_cognito_user_pool_domain",
      "name": "pica_dev_api_domain",
      "provider": "provider[\"registry.terraform.io/hashicorp/aws\"]",
      "instances": [
        {
          "index_key": 0,
          "schema_version": 0,
          "attributes": {
            "aws_account_id": "289333746714",
            "certificate_arn": "",
            "cloudfront_distribution": "d3oia8etllorh5.cloudfront.net",
            "cloudfront_distribution_arn": "d3oia8etllorh5.cloudfront.net",
            "cloudfront_distribution_zone_id": "Z2FDTNDATAQYW2",
            "domain": "pica-dev",
            "id": "pica-dev",
            "s3_bucket": "aws-cognito-prod-iad-assets",
            "user_pool_id": "us-east-1_Mm1kkpYMf",
            "version": "20231112064038"
          },
          "sensitive_attributes": [],
          "private": "bnVsbA==",
          "dependencies": [
            "aws_cognito_user_pool.pica_dev_pool"
          ]
        }
      ]
    },
    {
      "mode": "managed",
      "type": "aws_dynamodb_table",
      "name": "pica_dev_customer",
      "provider": "provider[\"registry.terraform.io/hashicorp/aws\"]",
      "instances": [
        {
          "index_key": 0,
          "schema_version": 1,
          "attributes": {
            "arn": "arn:aws:dynamodb:us-east-1:289333746714:table/pica-dev-customer",
            "attribute": [
              {
                "name": "id",
                "type": "S"
              }
            ],
            "billing_mode": "PAY_PER_REQUEST",
            "deletion_protection_enabled": false,
            "global_secondary_index": [],
            "hash_key": "id",
            "id": "pica-dev-customer",
            "import_table": [],
            "local_secondary_index": [],
            "name": "pica-dev-customer",
            "point_in_time_recovery": [
              {
                "enabled": false
              }
            ],
            "range_key": null,
            "read_capacity": 0,
            "replica": [],
            "restore_date_time": null,
            "restore_source_name": null,
            "restore_to_latest_time": null,
            "server_side_encryption": [],
            "stream_arn": "arn:aws:dynamodb:us-east-1:289333746714:table/pica-dev-customer/stream/2023-11-12T06:40:35.715",
            "stream_enabled": true,
            "stream_label": "2023-11-12T06:40:35.715",
            "stream_view_type": "NEW_AND_OLD_IMAGES",
            "table_class": "STANDARD",
            "tags": {},
            "tags_all": {},
            "timeouts": null,
            "ttl": [
              {
                "attribute_name": "",
                "enabled": false
              }
            ],
            "write_capacity": 0
          },
          "sensitive_attributes": [],
          "private": "eyJlMmJmYjczMC1lY2FhLTExZTYtOGY4OC0zNDM2M2JjN2M0YzAiOnsiY3JlYXRlIjoxODAwMDAwMDAwMDAwLCJkZWxldGUiOjYwMDAwMDAwMDAwMCwidXBkYXRlIjozNjAwMDAwMDAwMDAwfSwic2NoZW1hX3ZlcnNpb24iOiIxIn0="
        }
      ]
    },
    {
      "mode": "managed",
      "type": "aws_dynamodb_table",
      "name": "pica_dev_insurance",
      "provider": "provider[\"registry.terraform.io/hashicorp/aws\"]",
      "instances": [
        {
          "index_key": 0,
          "schema_version": 1,
          "attributes": {
            "arn": "arn:aws:dynamodb:us-east-1:289333746714:table/pica-dev-insurance",
            "attribute": [
              {
                "name": "id",
                "type": "S"
              }
            ],
            "billing_mode": "PAY_PER_REQUEST",
            "deletion_protection_enabled": false,
            "global_secondary_index": [],
            "hash_key": "id",
            "id": "pica-dev-insurance",
            "import_table": [],
            "local_secondary_index": [],
            "name": "pica-dev-insurance",
            "point_in_time_recovery": [
              {
                "enabled": false
              }
            ],
            "range_key": null,
            "read_capacity": 0,
            "replica": [],
            "restore_date_time": null,
            "restore_source_name": null,
            "restore_to_latest_time": null,
            "server_side_encryption": [],
            "stream_arn": "arn:aws:dynamodb:us-east-1:289333746714:table/pica-dev-insurance/stream/2023-11-12T06:40:35.069",
            "stream_enabled": true,
            "stream_label": "2023-11-12T06:40:35.069",
            "stream_view_type": "NEW_AND_OLD_IMAGES",
            "table_class": "STANDARD",
            "tags": {},
            "tags_all": {},
            "timeouts": null,
            "ttl": [
              {
                "attribute_name": "",
                "enabled": false
              }
            ],
            "write_capacity": 0
          },
          "sensitive_attributes": [],
          "private": "eyJlMmJmYjczMC1lY2FhLTExZTYtOGY4OC0zNDM2M2JjN2M0YzAiOnsiY3JlYXRlIjoxODAwMDAwMDAwMDAwLCJkZWxldGUiOjYwMDAwMDAwMDAwMCwidXBkYXRlIjozNjAwMDAwMDAwMDAwfSwic2NoZW1hX3ZlcnNpb24iOiIxIn0="
        }
      ]
    },
    {
      "mode": "managed",
      "type": "aws_dynamodb_table",
      "name": "pica_dev_interase_rate",
      "provider": "provider[\"registry.terraform.io/hashicorp/aws\"]",
      "instances": [
        {
          "index_key": 0,
          "schema_version": 1,
          "attributes": {
            "arn": "arn:aws:dynamodb:us-east-1:289333746714:table/pica-dev-interase-rate",
            "attribute": [
              {
                "name": "id",
                "type": "S"
              }
            ],
            "billing_mode": "PAY_PER_REQUEST",
            "deletion_protection_enabled": false,
            "global_secondary_index": [],
            "hash_key": "id",
            "id": "pica-dev-interase-rate",
            "import_table": [],
            "local_secondary_index": [],
            "name": "pica-dev-interase-rate",
            "point_in_time_recovery": [
              {
                "enabled": false
              }
            ],
            "range_key": null,
            "read_capacity": 0,
            "replica": [],
            "restore_date_time": null,
            "restore_source_name": null,
            "restore_to_latest_time": null,
            "server_side_encryption": [],
            "stream_arn": "arn:aws:dynamodb:us-east-1:289333746714:table/pica-dev-interase-rate/stream/2023-11-12T06:40:35.712",
            "stream_enabled": true,
            "stream_label": "2023-11-12T06:40:35.712",
            "stream_view_type": "NEW_AND_OLD_IMAGES",
            "table_class": "STANDARD",
            "tags": {},
            "tags_all": {},
            "timeouts": null,
            "ttl": [
              {
                "attribute_name": "",
                "enabled": false
              }
            ],
            "write_capacity": 0
          },
          "sensitive_attributes": [],
          "private": "eyJlMmJmYjczMC1lY2FhLTExZTYtOGY4OC0zNDM2M2JjN2M0YzAiOnsiY3JlYXRlIjoxODAwMDAwMDAwMDAwLCJkZWxldGUiOjYwMDAwMDAwMDAwMCwidXBkYXRlIjozNjAwMDAwMDAwMDAwfSwic2NoZW1hX3ZlcnNpb24iOiIxIn0="
        }
      ]
    },
    {
      "mode": "managed",
      "type": "aws_dynamodb_table",
      "name": "pica_dev_loans",
      "provider": "provider[\"registry.terraform.io/hashicorp/aws\"]",
      "instances": [
        {
          "index_key": 0,
          "schema_version": 1,
          "attributes": {
            "arn": "arn:aws:dynamodb:us-east-1:289333746714:table/pica-dev-loans",
            "attribute": [
              {
                "name": "id",
                "type": "S"
              }
            ],
            "billing_mode": "PAY_PER_REQUEST",
            "deletion_protection_enabled": false,
            "global_secondary_index": [],
            "hash_key": "id",
            "id": "pica-dev-loans",
            "import_table": [],
            "local_secondary_index": [],
            "name": "pica-dev-loans",
            "point_in_time_recovery": [
              {
                "enabled": false
              }
            ],
            "range_key": null,
            "read_capacity": 0,
            "replica": [],
            "restore_date_time": null,
            "restore_source_name": null,
            "restore_to_latest_time": null,
            "server_side_encryption": [],
            "stream_arn": "arn:aws:dynamodb:us-east-1:289333746714:table/pica-dev-loans/stream/2023-11-12T06:40:35.062",
            "stream_enabled": true,
            "stream_label": "2023-11-12T06:40:35.062",
            "stream_view_type": "NEW_AND_OLD_IMAGES",
            "table_class": "STANDARD",
            "tags": {},
            "tags_all": {},
            "timeouts": null,
            "ttl": [
              {
                "attribute_name": "",
                "enabled": false
              }
            ],
            "write_capacity": 0
          },
          "sensitive_attributes": [],
          "private": "eyJlMmJmYjczMC1lY2FhLTExZTYtOGY4OC0zNDM2M2JjN2M0YzAiOnsiY3JlYXRlIjoxODAwMDAwMDAwMDAwLCJkZWxldGUiOjYwMDAwMDAwMDAwMCwidXBkYXRlIjozNjAwMDAwMDAwMDAwfSwic2NoZW1hX3ZlcnNpb24iOiIxIn0="
        }
      ]
    },
    {
      "mode": "managed",
      "type": "aws_eip",
      "name": "pica_eip",
      "provider": "provider[\"registry.terraform.io/hashicorp/aws\"]",
      "instances": [
        {
          "schema_version": 0,
          "attributes": {
            "address": null,
            "allocation_id": "eipalloc-056544cc2e802f149",
            "associate_with_private_ip": null,
            "association_id": "eipassoc-03544b342f3e0e445",
            "carrier_ip": "",
            "customer_owned_ip": "",
            "customer_owned_ipv4_pool": "",
            "domain": "vpc",
            "id": "eipalloc-056544cc2e802f149",
            "instance": "i-076134c44624fba1b",
            "network_border_group": "us-east-1",
            "network_interface": "eni-04e56ecbd34d2016c",
            "private_dns": "ip-172-31-5-185.ec2.internal",
            "private_ip": "172.31.5.185",
            "public_dns": "ec2-34-206-47-25.compute-1.amazonaws.com",
            "public_ip": "34.206.47.25",
            "public_ipv4_pool": "amazon",
            "tags": {},
            "tags_all": {},
            "timeouts": null,
            "vpc": true
          },
          "sensitive_attributes": [],
          "private": "eyJlMmJmYjczMC1lY2FhLTExZTYtOGY4OC0zNDM2M2JjN2M0YzAiOnsiZGVsZXRlIjoxODAwMDAwMDAwMDAsInJlYWQiOjkwMDAwMDAwMDAwMCwidXBkYXRlIjozMDAwMDAwMDAwMDB9fQ==",
          "dependencies": [
            "aws_instance.pica_instance_ec2"
          ]
        }
      ]
    },
    {
      "mode": "managed",
      "type": "aws_iam_policy",
      "name": "lambda_execution_dynamodb_policy",
      "provider": "provider[\"registry.terraform.io/hashicorp/aws\"]",
      "instances": [
        {
          "schema_version": 0,
          "attributes": {
            "arn": "arn:aws:iam::289333746714:policy/policy-dynamoDB",
            "description": "Operaciones en la tabla de DynamoDB",
            "id": "arn:aws:iam::289333746714:policy/policy-dynamoDB",
            "name": "policy-dynamoDB",
            "name_prefix": "",
            "path": "/",
            "policy": "{\"Statement\":[{\"Action\":[\"dynamodb:UpdateItem\",\"dynamodb:Scan\",\"dynamodb:Query\",\"dynamodb:PutItem\",\"dynamodb:GetItem\",\"dynamodb:BatchWriteItem\",\"dynamodb:BatchGetItem\"],\"Effect\":\"Allow\",\"Resource\":[\"arn:aws:dynamodb:us-east-1:289333746714:table/pica-dev-loans\",\"arn:aws:dynamodb:us-east-1:289333746714:table/pica-dev-interase-rate\",\"arn:aws:dynamodb:us-east-1:289333746714:table/pica-dev-insurance\",\"arn:aws:dynamodb:us-east-1:289333746714:table/pica-dev-customer\"]}],\"Version\":\"2012-10-17\"}",
            "policy_id": "ANPAUGXNCTQNAQL4RNARR",
            "tags": {},
            "tags_all": {}
          },
          "sensitive_attributes": [],
          "private": "bnVsbA==",
          "dependencies": [
            "aws_dynamodb_table.pica_dev_customer",
            "aws_dynamodb_table.pica_dev_insurance",
            "aws_dynamodb_table.pica_dev_interase_rate",
            "aws_dynamodb_table.pica_dev_loans",
            "data.aws_iam_policy_document.dynamodb_policy"
          ]
        }
      ]
    },
    {
      "mode": "managed",
      "type": "aws_iam_policy",
      "name": "lambda_parameter_access_policy",
      "provider": "provider[\"registry.terraform.io/hashicorp/aws\"]",
      "instances": [
        {
          "schema_version": 0,
          "attributes": {
            "arn": "arn:aws:iam::289333746714:policy/lambda-parameter-access-policy",
            "description": "Política que permite acceder a parámetros en Parameter Store",
            "id": "arn:aws:iam::289333746714:policy/lambda-parameter-access-policy",
            "name": "lambda-parameter-access-policy",
            "name_prefix": "",
            "path": "/",
            "policy": "{\"Statement\":[{\"Action\":[\"ssm:GetParameter\",\"ssm:GetParametersByPath\"],\"Effect\":\"Allow\",\"Resource\":\"arn:aws:ssm:us-east-1:289333746714:parameter/*\"}],\"Version\":\"2012-10-17\"}",
            "policy_id": "ANPAUGXNCTQNERPMJVGYY",
            "tags": {},
            "tags_all": {}
          },
          "sensitive_attributes": [],
          "private": "bnVsbA=="
        }
      ]
    },
    {
      "mode": "managed",
      "type": "aws_iam_policy_attachment",
      "name": "lambda_execution_dynamodb_policy",
      "provider": "provider[\"registry.terraform.io/hashicorp/aws\"]",
      "instances": [
        {
          "schema_version": 0,
          "attributes": {
            "groups": [],
            "id": "policy-attachment-dynamoDB",
            "name": "policy-attachment-dynamoDB",
            "policy_arn": "arn:aws:iam::289333746714:policy/policy-dynamoDB",
            "roles": [
              "Pica-lambda-role"
            ],
            "users": []
          },
          "sensitive_attributes": [],
          "private": "bnVsbA==",
          "dependencies": [
            "aws_dynamodb_table.pica_dev_customer",
            "aws_dynamodb_table.pica_dev_insurance",
            "aws_dynamodb_table.pica_dev_interase_rate",
            "aws_dynamodb_table.pica_dev_loans",
            "aws_iam_policy.lambda_execution_dynamodb_policy",
            "aws_iam_role.lambda_role",
            "data.aws_iam_policy_document.dynamodb_policy"
          ]
        }
      ]
    },
    {
      "mode": "managed",
      "type": "aws_iam_policy_attachment",
      "name": "lambda_execution_policy",
      "provider": "provider[\"registry.terraform.io/hashicorp/aws\"]",
      "instances": [
        {
          "schema_version": 0,
          "attributes": {
            "groups": [],
            "id": "MyLambdaExecutionPolicy",
            "name": "MyLambdaExecutionPolicy",
            "policy_arn": "arn:aws:iam::aws:policy/service-role/AWSLambdaVPCAccessExecutionRole",
            "roles": [
              "Pica-lambda-role"
            ],
            "users": []
          },
          "sensitive_attributes": [],
          "private": "bnVsbA==",
          "dependencies": [
            "aws_iam_role.lambda_role"
          ]
        }
      ]
    },
    {
      "mode": "managed",
      "type": "aws_iam_policy_attachment",
      "name": "lambda_execution_policy_attachment",
      "provider": "provider[\"registry.terraform.io/hashicorp/aws\"]",
      "instances": [
        {
          "schema_version": 0,
          "attributes": {
            "groups": [],
            "id": "policy-attachment-lambda-execution",
            "name": "policy-attachment-lambda-execution",
            "policy_arn": "arn:aws:iam::aws:policy/service-role/AWSLambdaRole",
            "roles": [
              "pica-stepfunction-role"
            ],
            "users": []
          },
          "sensitive_attributes": [],
          "private": "bnVsbA==",
          "dependencies": [
            "aws_iam_role.step_role"
          ]
        }
      ]
    },
    {
      "mode": "managed",
      "type": "aws_iam_policy_attachment",
      "name": "lambda_parameter_access_attachment",
      "provider": "provider[\"registry.terraform.io/hashicorp/aws\"]",
      "instances": [
        {
          "schema_version": 0,
          "attributes": {
            "groups": [],
            "id": "policy-attachment-parameters",
            "name": "policy-attachment-parameters",
            "policy_arn": "arn:aws:iam::289333746714:policy/lambda-parameter-access-policy",
            "roles": [
              "Pica-lambda-role"
            ],
            "users": []
          },
          "sensitive_attributes": [],
          "private": "bnVsbA==",
          "dependencies": [
            "aws_iam_policy.lambda_parameter_access_policy",
            "aws_iam_role.lambda_role"
          ]
        }
      ]
    },
    {
      "mode": "managed",
      "type": "aws_iam_role",
      "name": "lambda_role",
      "provider": "provider[\"registry.terraform.io/hashicorp/aws\"]",
      "instances": [
        {
          "schema_version": 0,
          "attributes": {
            "arn": "arn:aws:iam::289333746714:role/Pica-lambda-role",
            "assume_role_policy": "{\"Statement\":[{\"Action\":\"sts:AssumeRole\",\"Effect\":\"Allow\",\"Principal\":{\"Service\":\"lambda.amazonaws.com\"}}],\"Version\":\"2012-10-17\"}",
            "create_date": "2023-11-04T23:55:11Z",
            "description": "",
            "force_detach_policies": false,
            "id": "Pica-lambda-role",
            "inline_policy": [],
            "managed_policy_arns": [
              "arn:aws:iam::289333746714:policy/lambda-parameter-access-policy",
              "arn:aws:iam::289333746714:policy/policy-dynamoDB",
              "arn:aws:iam::aws:policy/service-role/AWSLambdaVPCAccessExecutionRole"
            ],
            "max_session_duration": 3600,
            "name": "Pica-lambda-role",
            "name_prefix": "",
            "path": "/",
            "permissions_boundary": "",
            "tags": {},
            "tags_all": {},
            "unique_id": "AROAUGXNCTQNNW2FJLOJ4"
          },
          "sensitive_attributes": [],
          "private": "bnVsbA=="
        }
      ]
    },
    {
      "mode": "managed",
      "type": "aws_iam_role",
      "name": "step_role",
      "provider": "provider[\"registry.terraform.io/hashicorp/aws\"]",
      "instances": [
        {
          "schema_version": 0,
          "attributes": {
            "arn": "arn:aws:iam::289333746714:role/pica-stepfunction-role",
            "assume_role_policy": "{\"Statement\":[{\"Action\":\"sts:AssumeRole\",\"Effect\":\"Allow\",\"Principal\":{\"Service\":\"apigateway.amazonaws.com\"}},{\"Action\":\"sts:AssumeRole\",\"Effect\":\"Allow\",\"Principal\":{\"Service\":\"states.amazonaws.com\"}}],\"Version\":\"2012-10-17\"}",
            "create_date": "2023-11-12T09:02:48Z",
            "description": "",
            "force_detach_policies": false,
            "id": "pica-stepfunction-role",
            "inline_policy": [
              {
                "name": "pica-stepfunction-policy",
                "policy": "{\"Version\":\"2012-10-17\",\"Statement\":[{\"Action\":[\"states:StartSyncExecution\"],\"Effect\":\"Allow\",\"Resource\":\"*\"}]}"
              },
              {
                "name": "step-function-logs-policy",
                "policy": "{\"Version\":\"2012-10-17\",\"Statement\":[{\"Action\":[\"logs:CreateLogGroup\",\"logs:CreateLogStream\",\"logs:PutLogEvents\"],\"Effect\":\"Allow\",\"Resource\":\"*\"}]}"
              }
            ],
            "managed_policy_arns": [
              "arn:aws:iam::aws:policy/service-role/AWSLambdaRole"
            ],
            "max_session_duration": 3600,
            "name": "pica-stepfunction-role",
            "name_prefix": "",
            "path": "/",
            "permissions_boundary": "",
            "tags": {},
            "tags_all": {},
            "unique_id": "AROAUGXNCTQNMXIBLQ4LH"
          },
          "sensitive_attributes": [],
          "private": "bnVsbA=="
        }
      ]
    },
    {
      "mode": "managed",
      "type": "aws_iam_role_policy",
      "name": "pica_stepfunction_policy",
      "provider": "provider[\"registry.terraform.io/hashicorp/aws\"]",
      "instances": [
        {
          "schema_version": 0,
          "attributes": {
            "id": "pica-stepfunction-role:pica-stepfunction-policy",
            "name": "pica-stepfunction-policy",
            "name_prefix": "",
            "policy": "{\"Version\":\"2012-10-17\",\"Statement\":[{\"Action\":[\"states:StartSyncExecution\"],\"Effect\":\"Allow\",\"Resource\":\"*\"}]}",
            "role": "pica-stepfunction-role"
          },
          "sensitive_attributes": [],
          "private": "bnVsbA==",
          "dependencies": [
            "aws_iam_role.step_role"
          ]
        }
      ]
    },
    {
      "mode": "managed",
      "type": "aws_iam_role_policy",
      "name": "step_function_logs_policy",
      "provider": "provider[\"registry.terraform.io/hashicorp/aws\"]",
      "instances": [
        {
          "schema_version": 0,
          "attributes": {
            "id": "pica-stepfunction-role:step-function-logs-policy",
            "name": "step-function-logs-policy",
            "name_prefix": "",
            "policy": "{\"Version\":\"2012-10-17\",\"Statement\":[{\"Action\":[\"logs:CreateLogGroup\",\"logs:CreateLogStream\",\"logs:PutLogEvents\"],\"Effect\":\"Allow\",\"Resource\":\"*\"}]}",
            "role": "pica-stepfunction-role"
          },
          "sensitive_attributes": [],
          "private": "bnVsbA==",
          "dependencies": [
            "aws_iam_role.step_role"
          ]
        }
      ]
    },
    {
      "mode": "managed",
      "type": "aws_instance",
      "name": "pica_instance_ec2",
      "provider": "provider[\"registry.terraform.io/hashicorp/aws\"]",
      "instances": [
        {
          "schema_version": 1,
          "attributes": {
            "ami": "ami-05c13eab67c5d8861",
            "arn": "arn:aws:ec2:us-east-1:289333746714:instance/i-076134c44624fba1b",
            "associate_public_ip_address": true,
            "availability_zone": "us-east-1a",
            "capacity_reservation_specification": [
              {
                "capacity_reservation_preference": "open",
                "capacity_reservation_target": []
              }
            ],
            "cpu_core_count": 1,
            "cpu_options": [
              {
                "amd_sev_snp": "",
                "core_count": 1,
                "threads_per_core": 1
              }
            ],
            "cpu_threads_per_core": 1,
            "credit_specification": [
              {
                "cpu_credits": "standard"
              }
            ],
            "disable_api_stop": false,
            "disable_api_termination": false,
            "ebs_block_device": [],
            "ebs_optimized": false,
            "enclave_options": [
              {
                "enabled": false
              }
            ],
            "ephemeral_block_device": [],
            "get_password_data": false,
            "hibernation": false,
            "host_id": "",
            "host_resource_group_arn": null,
            "iam_instance_profile": "",
            "id": "i-076134c44624fba1b",
            "instance_initiated_shutdown_behavior": "stop",
            "instance_lifecycle": "",
            "instance_market_options": [],
            "instance_state": "running",
            "instance_type": "t2.micro",
            "ipv6_address_count": 0,
            "ipv6_addresses": [],
            "key_name": "",
            "launch_template": [],
            "maintenance_options": [
              {
                "auto_recovery": "default"
              }
            ],
            "metadata_options": [
              {
                "http_endpoint": "enabled",
                "http_protocol_ipv6": "disabled",
                "http_put_response_hop_limit": 2,
                "http_tokens": "required",
                "instance_metadata_tags": "disabled"
              }
            ],
            "monitoring": false,
            "network_interface": [],
            "outpost_arn": "",
            "password_data": "",
            "placement_group": "",
            "placement_partition_number": 0,
            "primary_network_interface_id": "eni-04e56ecbd34d2016c",
            "private_dns": "ip-172-31-5-185.ec2.internal",
            "private_dns_name_options": [
              {
                "enable_resource_name_dns_a_record": false,
                "enable_resource_name_dns_aaaa_record": false,
                "hostname_type": "ip-name"
              }
            ],
            "private_ip": "172.31.5.185",
            "public_dns": "ec2-34-206-47-25.compute-1.amazonaws.com",
            "public_ip": "34.206.47.25",
            "root_block_device": [
              {
                "delete_on_termination": true,
                "device_name": "/dev/xvda",
                "encrypted": false,
                "iops": 3000,
                "kms_key_id": "",
                "tags": {},
                "throughput": 125,
                "volume_id": "vol-056c1ebf2582ebd44",
                "volume_size": 8,
                "volume_type": "gp3"
              }
            ],
            "secondary_private_ips": [],
            "security_groups": [
              "default"
            ],
            "source_dest_check": true,
            "spot_instance_request_id": "",
            "subnet_id": "subnet-0ebff64db82976fe3",
            "tags": {
              "Name": "pica-intance"
            },
            "tags_all": {
              "Name": "pica-intance"
            },
            "tenancy": "default",
            "timeouts": null,
            "user_data": null,
            "user_data_base64": null,
            "user_data_replace_on_change": false,
            "volume_tags": null,
            "vpc_security_group_ids": [
              "sg-0a19b78f4082b4c1d"
            ]
          },
          "sensitive_attributes": [],
          "private": "eyJlMmJmYjczMC1lY2FhLTExZTYtOGY4OC0zNDM2M2JjN2M0YzAiOnsiY3JlYXRlIjo2MDAwMDAwMDAwMDAsImRlbGV0ZSI6MTIwMDAwMDAwMDAwMCwidXBkYXRlIjo2MDAwMDAwMDAwMDB9LCJzY2hlbWFfdmVyc2lvbiI6IjEifQ=="
        }
      ]
    },
    {
      "mode": "managed",
      "type": "aws_internet_gateway",
      "name": "pica_igw",
      "provider": "provider[\"registry.terraform.io/hashicorp/aws\"]",
      "instances": [
        {
          "schema_version": 0,
          "attributes": {
            "arn": "arn:aws:ec2:us-east-1:289333746714:internet-gateway/igw-001b2d2e04ac44c82",
            "id": "igw-001b2d2e04ac44c82",
            "owner_id": "289333746714",
            "tags": {
              "Name": "pica-igw"
            },
            "tags_all": {
              "Name": "pica-igw"
            },
            "timeouts": null,
            "vpc_id": "vpc-00b7a81533336a47d"
          },
          "sensitive_attributes": [],
          "private": "eyJlMmJmYjczMC1lY2FhLTExZTYtOGY4OC0zNDM2M2JjN2M0YzAiOnsiY3JlYXRlIjoxMjAwMDAwMDAwMDAwLCJkZWxldGUiOjEyMDAwMDAwMDAwMDAsInVwZGF0ZSI6MTIwMDAwMDAwMDAwMH19",
          "dependencies": [
            "aws_vpc.pica"
          ]
        }
      ]
    },
    {
      "mode": "managed",
      "type": "aws_lambda_function",
      "name": "lambda_dev_calculate",
      "provider": "provider[\"registry.terraform.io/hashicorp/aws\"]",
      "instances": [
        {
          "index_key": 0,
          "schema_version": 0,
          "attributes": {
            "architectures": [
              "x86_64"
            ],
            "arn": "arn:aws:lambda:us-east-1:289333746714:function:lambda-dev-calculate",
            "code_signing_config_arn": "",
            "dead_letter_config": [],
            "description": "",
            "environment": [
              {
                "variables": {
                  "BASE_PATH": "/pica/dev/calculate/",
                  "MOCK": "/pica/dev/calculate/mock"
                }
              }
            ],
            "ephemeral_storage": [
              {
                "size": 512
              }
            ],
            "file_system_config": [],
            "filename": null,
            "function_name": "lambda-dev-calculate",
            "handler": "index.handler",
            "id": "lambda-dev-calculate",
            "image_config": [],
            "image_uri": "",
            "invoke_arn": "arn:aws:apigateway:us-east-1:lambda:path/2015-03-31/functions/arn:aws:lambda:us-east-1:289333746714:function:lambda-dev-calculate/invocations",
            "kms_key_arn": "",
            "last_modified": "2023-11-15T17:30:02.000+0000",
            "layers": [],
            "memory_size": 128,
            "package_type": "Zip",
            "publish": false,
            "qualified_arn": "arn:aws:lambda:us-east-1:289333746714:function:lambda-dev-calculate:$LATEST",
            "qualified_invoke_arn": "arn:aws:apigateway:us-east-1:lambda:path/2015-03-31/functions/arn:aws:lambda:us-east-1:289333746714:function:lambda-dev-calculate:$LATEST/invocations",
            "replace_security_groups_on_destroy": null,
            "replacement_security_group_ids": null,
            "reserved_concurrent_executions": -1,
            "role": "arn:aws:iam::289333746714:role/Pica-lambda-role",
            "runtime": "nodejs18.x",
            "s3_bucket": "pica-hello-lambda",
            "s3_key": "plantilla-node/hello-world.zip",
            "s3_object_version": null,
            "signing_job_arn": "",
            "signing_profile_version_arn": "",
            "skip_destroy": false,
            "snap_start": [],
            "source_code_hash": "mJDMKZt6VfW1U8E7yJQFUvGOvhfRkYSIRwActMEngHc=",
            "source_code_size": 22275818,
            "tags": {},
            "tags_all": {},
            "timeout": 120,
            "timeouts": null,
            "tracing_config": [
              {
                "mode": "PassThrough"
              }
            ],
            "version": "$LATEST",
            "vpc_config": [
              {
                "ipv6_allowed_for_dual_stack": false,
                "security_group_ids": [
                  "sg-041b6e3c2384eaff1"
                ],
                "subnet_ids": [
                  "subnet-0ae7157612fa3c3c0"
                ],
                "vpc_id": "vpc-00b7a81533336a47d"
              }
            ]
          },
          "sensitive_attributes": [],
          "private": "eyJlMmJmYjczMC1lY2FhLTExZTYtOGY4OC0zNDM2M2JjN2M0YzAiOnsiY3JlYXRlIjo2MDAwMDAwMDAwMDAsImRlbGV0ZSI6NjAwMDAwMDAwMDAwLCJ1cGRhdGUiOjYwMDAwMDAwMDAwMH19",
          "dependencies": [
            "aws_iam_role.lambda_role",
            "aws_security_group.pica_lambda_sg",
            "aws_subnet.pica_subnet_private",
            "aws_vpc.pica"
          ]
        }
      ]
    },
    {
      "mode": "managed",
      "type": "aws_lambda_function",
      "name": "lambda_dev_customer",
      "provider": "provider[\"registry.terraform.io/hashicorp/aws\"]",
      "instances": [
        {
          "index_key": 0,
          "schema_version": 0,
          "attributes": {
            "architectures": [
              "x86_64"
            ],
            "arn": "arn:aws:lambda:us-east-1:289333746714:function:lambda-dev-customer",
            "code_signing_config_arn": "",
            "dead_letter_config": [],
            "description": "",
            "environment": [
              {
                "variables": {
                  "BASE_PATH": "/pica/dev/customer/",
                  "TABLE_DYNAMO": "/pica/dev/customer/table-dynamo"
                }
              }
            ],
            "ephemeral_storage": [
              {
                "size": 512
              }
            ],
            "file_system_config": [],
            "filename": null,
            "function_name": "lambda-dev-customer",
            "handler": "index.handler",
            "id": "lambda-dev-customer",
            "image_config": [],
            "image_uri": "",
            "invoke_arn": "arn:aws:apigateway:us-east-1:lambda:path/2015-03-31/functions/arn:aws:lambda:us-east-1:289333746714:function:lambda-dev-customer/invocations",
            "kms_key_arn": "",
            "last_modified": "2023-11-13T02:42:28.000+0000",
            "layers": [],
            "memory_size": 128,
            "package_type": "Zip",
            "publish": false,
            "qualified_arn": "arn:aws:lambda:us-east-1:289333746714:function:lambda-dev-customer:$LATEST",
            "qualified_invoke_arn": "arn:aws:apigateway:us-east-1:lambda:path/2015-03-31/functions/arn:aws:lambda:us-east-1:289333746714:function:lambda-dev-customer:$LATEST/invocations",
            "replace_security_groups_on_destroy": null,
            "replacement_security_group_ids": null,
            "reserved_concurrent_executions": -1,
            "role": "arn:aws:iam::289333746714:role/Pica-lambda-role",
            "runtime": "nodejs18.x",
            "s3_bucket": "pica-hello-lambda",
            "s3_key": "plantilla-node/hello-world.zip",
            "s3_object_version": null,
            "signing_job_arn": "",
            "signing_profile_version_arn": "",
            "skip_destroy": false,
            "snap_start": [],
            "source_code_hash": "7JO+csT09AbwnDkbK0l43CUpI5U9cB63XImDEQV4+FY=",
            "source_code_size": 22302029,
            "tags": {},
            "tags_all": {},
            "timeout": 120,
            "timeouts": null,
            "tracing_config": [
              {
                "mode": "PassThrough"
              }
            ],
            "version": "$LATEST",
            "vpc_config": [
              {
                "ipv6_allowed_for_dual_stack": false,
                "security_group_ids": [
                  "sg-041b6e3c2384eaff1"
                ],
                "subnet_ids": [
                  "subnet-0ae7157612fa3c3c0"
                ],
                "vpc_id": "vpc-00b7a81533336a47d"
              }
            ]
          },
          "sensitive_attributes": [],
          "private": "eyJlMmJmYjczMC1lY2FhLTExZTYtOGY4OC0zNDM2M2JjN2M0YzAiOnsiY3JlYXRlIjo2MDAwMDAwMDAwMDAsImRlbGV0ZSI6NjAwMDAwMDAwMDAwLCJ1cGRhdGUiOjYwMDAwMDAwMDAwMH19",
          "dependencies": [
            "aws_iam_role.lambda_role",
            "aws_security_group.pica_lambda_sg",
            "aws_subnet.pica_subnet_private",
            "aws_vpc.pica"
          ]
        }
      ]
    },
    {
      "mode": "managed",
      "type": "aws_lambda_function",
      "name": "lambda_dev_insurance",
      "provider": "provider[\"registry.terraform.io/hashicorp/aws\"]",
      "instances": [
        {
          "index_key": 0,
          "schema_version": 0,
          "attributes": {
            "architectures": [
              "x86_64"
            ],
            "arn": "arn:aws:lambda:us-east-1:289333746714:function:lambda-dev-insurance",
            "code_signing_config_arn": "",
            "dead_letter_config": [],
            "description": "",
            "environment": [
              {
                "variables": {
                  "BASE_PATH": "/pica/dev/insurance/",
                  "TABLE_DYNAMO": "/pica/dev/insurance/table-dynamo"
                }
              }
            ],
            "ephemeral_storage": [
              {
                "size": 512
              }
            ],
            "file_system_config": [],
            "filename": null,
            "function_name": "lambda-dev-insurance",
            "handler": "index.handler",
            "id": "lambda-dev-insurance",
            "image_config": [],
            "image_uri": "",
            "invoke_arn": "arn:aws:apigateway:us-east-1:lambda:path/2015-03-31/functions/arn:aws:lambda:us-east-1:289333746714:function:lambda-dev-insurance/invocations",
            "kms_key_arn": "",
            "last_modified": "2023-11-13T06:10:41.000+0000",
            "layers": [],
            "memory_size": 128,
            "package_type": "Zip",
            "publish": false,
            "qualified_arn": "arn:aws:lambda:us-east-1:289333746714:function:lambda-dev-insurance:$LATEST",
            "qualified_invoke_arn": "arn:aws:apigateway:us-east-1:lambda:path/2015-03-31/functions/arn:aws:lambda:us-east-1:289333746714:function:lambda-dev-insurance:$LATEST/invocations",
            "replace_security_groups_on_destroy": null,
            "replacement_security_group_ids": null,
            "reserved_concurrent_executions": -1,
            "role": "arn:aws:iam::289333746714:role/Pica-lambda-role",
            "runtime": "nodejs18.x",
            "s3_bucket": "pica-hello-lambda",
            "s3_key": "plantilla-node/hello-world.zip",
            "s3_object_version": null,
            "signing_job_arn": "",
            "signing_profile_version_arn": "",
            "skip_destroy": false,
            "snap_start": [],
            "source_code_hash": "7zVfKuhKVsZ0ONRTTJwCmXSJ43nrQp5ZZXLh+UVaoso=",
            "source_code_size": 22273805,
            "tags": {},
            "tags_all": {},
            "timeout": 120,
            "timeouts": null,
            "tracing_config": [
              {
                "mode": "PassThrough"
              }
            ],
            "version": "$LATEST",
            "vpc_config": [
              {
                "ipv6_allowed_for_dual_stack": false,
                "security_group_ids": [
                  "sg-041b6e3c2384eaff1"
                ],
                "subnet_ids": [
                  "subnet-0ae7157612fa3c3c0"
                ],
                "vpc_id": "vpc-00b7a81533336a47d"
              }
            ]
          },
          "sensitive_attributes": [],
          "private": "eyJlMmJmYjczMC1lY2FhLTExZTYtOGY4OC0zNDM2M2JjN2M0YzAiOnsiY3JlYXRlIjo2MDAwMDAwMDAwMDAsImRlbGV0ZSI6NjAwMDAwMDAwMDAwLCJ1cGRhdGUiOjYwMDAwMDAwMDAwMH19",
          "dependencies": [
            "aws_iam_role.lambda_role",
            "aws_security_group.pica_lambda_sg",
            "aws_subnet.pica_subnet_private",
            "aws_vpc.pica"
          ]
        }
      ]
    },
    {
      "mode": "managed",
      "type": "aws_lambda_function",
      "name": "lambda_dev_interase_rate",
      "provider": "provider[\"registry.terraform.io/hashicorp/aws\"]",
      "instances": [
        {
          "index_key": 0,
          "schema_version": 0,
          "attributes": {
            "architectures": [
              "x86_64"
            ],
            "arn": "arn:aws:lambda:us-east-1:289333746714:function:lambda-dev-interase-rate",
            "code_signing_config_arn": "",
            "dead_letter_config": [],
            "description": "",
            "environment": [
              {
                "variables": {
                  "BASE_PATH": "/pica/dev/interase-rate/",
                  "TABLE_DYNAMO": "/pica/dev/interase-rate/table-dynamo"
                }
              }
            ],
            "ephemeral_storage": [
              {
                "size": 512
              }
            ],
            "file_system_config": [],
            "filename": null,
            "function_name": "lambda-dev-interase-rate",
            "handler": "index.handler",
            "id": "lambda-dev-interase-rate",
            "image_config": [],
            "image_uri": "",
            "invoke_arn": "arn:aws:apigateway:us-east-1:lambda:path/2015-03-31/functions/arn:aws:lambda:us-east-1:289333746714:function:lambda-dev-interase-rate/invocations",
            "kms_key_arn": "",
            "last_modified": "2023-11-12T23:26:33.000+0000",
            "layers": [],
            "memory_size": 128,
            "package_type": "Zip",
            "publish": false,
            "qualified_arn": "arn:aws:lambda:us-east-1:289333746714:function:lambda-dev-interase-rate:$LATEST",
            "qualified_invoke_arn": "arn:aws:apigateway:us-east-1:lambda:path/2015-03-31/functions/arn:aws:lambda:us-east-1:289333746714:function:lambda-dev-interase-rate:$LATEST/invocations",
            "replace_security_groups_on_destroy": null,
            "replacement_security_group_ids": null,
            "reserved_concurrent_executions": -1,
            "role": "arn:aws:iam::289333746714:role/Pica-lambda-role",
            "runtime": "nodejs18.x",
            "s3_bucket": "pica-hello-lambda",
            "s3_key": "plantilla-node/hello-world.zip",
            "s3_object_version": null,
            "signing_job_arn": "",
            "signing_profile_version_arn": "",
            "skip_destroy": false,
            "snap_start": [],
            "source_code_hash": "h80xaHUiYMOesViDOkrzC0koe8OqpXDQdJECQd5jlSo=",
            "source_code_size": 22273813,
            "tags": {},
            "tags_all": {},
            "timeout": 120,
            "timeouts": null,
            "tracing_config": [
              {
                "mode": "PassThrough"
              }
            ],
            "version": "$LATEST",
            "vpc_config": [
              {
                "ipv6_allowed_for_dual_stack": false,
                "security_group_ids": [
                  "sg-041b6e3c2384eaff1"
                ],
                "subnet_ids": [
                  "subnet-0ae7157612fa3c3c0"
                ],
                "vpc_id": "vpc-00b7a81533336a47d"
              }
            ]
          },
          "sensitive_attributes": [],
          "private": "eyJlMmJmYjczMC1lY2FhLTExZTYtOGY4OC0zNDM2M2JjN2M0YzAiOnsiY3JlYXRlIjo2MDAwMDAwMDAwMDAsImRlbGV0ZSI6NjAwMDAwMDAwMDAwLCJ1cGRhdGUiOjYwMDAwMDAwMDAwMH19",
          "dependencies": [
            "aws_iam_role.lambda_role",
            "aws_security_group.pica_lambda_sg",
            "aws_subnet.pica_subnet_private",
            "aws_vpc.pica"
          ]
        }
      ]
    },
    {
      "mode": "managed",
      "type": "aws_lambda_function",
      "name": "lambda_dev_loans",
      "provider": "provider[\"registry.terraform.io/hashicorp/aws\"]",
      "instances": [
        {
          "index_key": 0,
          "schema_version": 0,
          "attributes": {
            "architectures": [
              "x86_64"
            ],
            "arn": "arn:aws:lambda:us-east-1:289333746714:function:lambda-dev-loans",
            "code_signing_config_arn": "",
            "dead_letter_config": [],
            "description": "",
            "environment": [
              {
                "variables": {
                  "BASE_PATH": "/pica/dev/loans/",
                  "TABLE_DYNAMO": "/pica/dev/loans/table-dynamo"
                }
              }
            ],
            "ephemeral_storage": [
              {
                "size": 512
              }
            ],
            "file_system_config": [],
            "filename": null,
            "function_name": "lambda-dev-loans",
            "handler": "index.handler",
            "id": "lambda-dev-loans",
            "image_config": [],
            "image_uri": "",
            "invoke_arn": "arn:aws:apigateway:us-east-1:lambda:path/2015-03-31/functions/arn:aws:lambda:us-east-1:289333746714:function:lambda-dev-loans/invocations",
            "kms_key_arn": "",
            "last_modified": "2023-11-15T04:57:45.000+0000",
            "layers": [],
            "memory_size": 128,
            "package_type": "Zip",
            "publish": false,
            "qualified_arn": "arn:aws:lambda:us-east-1:289333746714:function:lambda-dev-loans:$LATEST",
            "qualified_invoke_arn": "arn:aws:apigateway:us-east-1:lambda:path/2015-03-31/functions/arn:aws:lambda:us-east-1:289333746714:function:lambda-dev-loans:$LATEST/invocations",
            "replace_security_groups_on_destroy": null,
            "replacement_security_group_ids": null,
            "reserved_concurrent_executions": -1,
            "role": "arn:aws:iam::289333746714:role/Pica-lambda-role",
            "runtime": "nodejs18.x",
            "s3_bucket": "pica-hello-lambda",
            "s3_key": "plantilla-node/hello-world.zip",
            "s3_object_version": null,
            "signing_job_arn": "",
            "signing_profile_version_arn": "",
            "skip_destroy": false,
            "snap_start": [],
            "source_code_hash": "Q3GG7LpkBfWTYpBwvryHXu6A6qvODpPKRgasFByJ0Vk=",
            "source_code_size": 22500911,
            "tags": {},
            "tags_all": {},
            "timeout": 120,
            "timeouts": null,
            "tracing_config": [
              {
                "mode": "PassThrough"
              }
            ],
            "version": "$LATEST",
            "vpc_config": [
              {
                "ipv6_allowed_for_dual_stack": false,
                "security_group_ids": [
                  "sg-041b6e3c2384eaff1"
                ],
                "subnet_ids": [
                  "subnet-0ae7157612fa3c3c0"
                ],
                "vpc_id": "vpc-00b7a81533336a47d"
              }
            ]
          },
          "sensitive_attributes": [],
          "private": "eyJlMmJmYjczMC1lY2FhLTExZTYtOGY4OC0zNDM2M2JjN2M0YzAiOnsiY3JlYXRlIjo2MDAwMDAwMDAwMDAsImRlbGV0ZSI6NjAwMDAwMDAwMDAwLCJ1cGRhdGUiOjYwMDAwMDAwMDAwMH19",
          "dependencies": [
            "aws_iam_role.lambda_role",
            "aws_security_group.pica_lambda_sg",
            "aws_subnet.pica_subnet_private",
            "aws_vpc.pica"
          ]
        }
      ]
    },
    {
      "mode": "managed",
      "type": "aws_lambda_permission",
      "name": "pica_dev_api",
      "provider": "provider[\"registry.terraform.io/hashicorp/aws\"]",
      "instances": [
        {
          "index_key": 0,
          "schema_version": 0,
          "attributes": {
            "action": "lambda:InvokeFunction",
            "event_source_token": null,
            "function_name": "lambda-dev-interase-rate",
            "function_url_auth_type": null,
            "id": "AllowExecutionFromAPIGateway",
            "principal": "apigateway.amazonaws.com",
            "principal_org_id": null,
            "qualifier": "",
            "source_account": null,
            "source_arn": "arn:aws:execute-api:us-east-1:289333746714:vwmyj6e7wa/*/GET/rate",
            "statement_id": "AllowExecutionFromAPIGateway",
            "statement_id_prefix": ""
          },
          "sensitive_attributes": [],
          "private": "bnVsbA==",
          "dependencies": [
            "aws_api_gateway_authorizer.pica_dev_api_authorizer",
            "aws_api_gateway_method.pica_dev_get_rate_method",
            "aws_api_gateway_resource.pica_dev_rate_resource",
            "aws_api_gateway_rest_api.pica_dev_api",
            "aws_cognito_user_pool.pica_dev_pool",
            "aws_cognito_user_pool_domain.pica_dev_api_domain",
            "aws_iam_role.lambda_role",
            "aws_lambda_function.lambda_dev_interase_rate",
            "aws_security_group.pica_lambda_sg",
            "aws_subnet.pica_subnet_private",
            "aws_vpc.pica"
          ]
        }
      ]
    },
    {
      "mode": "managed",
      "type": "aws_lambda_permission",
      "name": "pica_dev_calculate_permitions_api",
      "provider": "provider[\"registry.terraform.io/hashicorp/aws\"]",
      "instances": [
        {
          "index_key": 0,
          "schema_version": 0,
          "attributes": {
            "action": "lambda:InvokeFunction",
            "event_source_token": null,
            "function_name": "lambda-dev-calculate",
            "function_url_auth_type": null,
            "id": "AllowExecutionFromAPIGateway",
            "principal": "apigateway.amazonaws.com",
            "principal_org_id": null,
            "qualifier": "",
            "source_account": null,
            "source_arn": "arn:aws:execute-api:us-east-1:289333746714:vwmyj6e7wa/*/POST/calculate",
            "statement_id": "AllowExecutionFromAPIGateway",
            "statement_id_prefix": ""
          },
          "sensitive_attributes": [],
          "private": "bnVsbA==",
          "dependencies": [
            "aws_api_gateway_authorizer.pica_dev_api_authorizer",
            "aws_api_gateway_method.pica_dev_calculate_method",
            "aws_api_gateway_resource.pica_dev_calculate_resource",
            "aws_api_gateway_rest_api.pica_dev_api",
            "aws_cognito_user_pool.pica_dev_pool",
            "aws_cognito_user_pool_domain.pica_dev_api_domain",
            "aws_iam_role.lambda_role",
            "aws_lambda_function.lambda_dev_calculate",
            "aws_security_group.pica_lambda_sg",
            "aws_subnet.pica_subnet_private",
            "aws_vpc.pica"
          ]
        }
      ]
    },
    {
      "mode": "managed",
      "type": "aws_lambda_permission",
      "name": "pica_dev_insurance_permitions_api",
      "provider": "provider[\"registry.terraform.io/hashicorp/aws\"]",
      "instances": [
        {
          "index_key": 0,
          "schema_version": 0,
          "attributes": {
            "action": "lambda:InvokeFunction",
            "event_source_token": null,
            "function_name": "lambda-dev-insurance",
            "function_url_auth_type": null,
            "id": "AllowExecutionFromAPIGateway",
            "principal": "apigateway.amazonaws.com",
            "principal_org_id": null,
            "qualifier": "",
            "source_account": null,
            "source_arn": "arn:aws:execute-api:us-east-1:289333746714:vwmyj6e7wa/*/GET/insurance",
            "statement_id": "AllowExecutionFromAPIGateway",
            "statement_id_prefix": ""
          },
          "sensitive_attributes": [],
          "private": "bnVsbA==",
          "dependencies": [
            "aws_api_gateway_authorizer.pica_dev_api_authorizer",
            "aws_api_gateway_method.pica_dev_get_insurance_method",
            "aws_api_gateway_resource.pica_dev_insurance_resource",
            "aws_api_gateway_rest_api.pica_dev_api",
            "aws_cognito_user_pool.pica_dev_pool",
            "aws_cognito_user_pool_domain.pica_dev_api_domain",
            "aws_iam_role.lambda_role",
            "aws_lambda_function.lambda_dev_insurance",
            "aws_security_group.pica_lambda_sg",
            "aws_subnet.pica_subnet_private",
            "aws_vpc.pica"
          ]
        }
      ]
    },
    {
      "mode": "managed",
      "type": "aws_route",
      "name": "pica_internet_gateway_route",
      "provider": "provider[\"registry.terraform.io/hashicorp/aws\"]",
      "instances": [
        {
          "schema_version": 0,
          "attributes": {
            "carrier_gateway_id": "",
            "core_network_arn": "",
            "destination_cidr_block": "0.0.0.0/0",
            "destination_ipv6_cidr_block": "",
            "destination_prefix_list_id": "",
            "egress_only_gateway_id": "",
            "gateway_id": "igw-001b2d2e04ac44c82",
            "id": "r-rtb-0c7058394e040ddf61080289494",
            "instance_id": "",
            "instance_owner_id": "",
            "local_gateway_id": "",
            "nat_gateway_id": "",
            "network_interface_id": "",
            "origin": "CreateRoute",
            "route_table_id": "rtb-0c7058394e040ddf6",
            "state": "active",
            "timeouts": null,
            "transit_gateway_id": "",
            "vpc_endpoint_id": "",
            "vpc_peering_connection_id": ""
          },
          "sensitive_attributes": [],
          "private": "eyJlMmJmYjczMC1lY2FhLTExZTYtOGY4OC0zNDM2M2JjN2M0YzAiOnsiY3JlYXRlIjozMDAwMDAwMDAwMDAsImRlbGV0ZSI6MzAwMDAwMDAwMDAwLCJ1cGRhdGUiOjEyMDAwMDAwMDAwMH19",
          "dependencies": [
            "aws_internet_gateway.pica_igw",
            "aws_route_table.pica_table_route",
            "aws_vpc.pica"
          ]
        }
      ]
    },
    {
      "mode": "managed",
      "type": "aws_route_table",
      "name": "pica_private_route_table",
      "provider": "provider[\"registry.terraform.io/hashicorp/aws\"]",
      "instances": [
        {
          "schema_version": 0,
          "attributes": {
            "arn": "arn:aws:ec2:us-east-1:289333746714:route-table/rtb-0397f64306e5393be",
            "id": "rtb-0397f64306e5393be",
            "owner_id": "289333746714",
            "propagating_vgws": [],
            "route": [
              {
                "carrier_gateway_id": "",
                "cidr_block": "0.0.0.0/0",
                "core_network_arn": "",
                "destination_prefix_list_id": "",
                "egress_only_gateway_id": "",
                "gateway_id": "",
                "ipv6_cidr_block": "",
                "local_gateway_id": "",
                "nat_gateway_id": "nat-0ccf358fb86e36699",
                "network_interface_id": "",
                "transit_gateway_id": "",
                "vpc_endpoint_id": "",
                "vpc_peering_connection_id": ""
              }
            ],
            "tags": {},
            "tags_all": {},
            "timeouts": null,
            "vpc_id": "vpc-00b7a81533336a47d"
          },
          "sensitive_attributes": [],
          "private": "eyJlMmJmYjczMC1lY2FhLTExZTYtOGY4OC0zNDM2M2JjN2M0YzAiOnsiY3JlYXRlIjozMDAwMDAwMDAwMDAsImRlbGV0ZSI6MzAwMDAwMDAwMDAwLCJ1cGRhdGUiOjEyMDAwMDAwMDAwMH19",
          "dependencies": [
            "aws_vpc.pica"
          ]
        }
      ]
    },
    {
      "mode": "managed",
      "type": "aws_route_table",
      "name": "pica_table_route",
      "provider": "provider[\"registry.terraform.io/hashicorp/aws\"]",
      "instances": [
        {
          "schema_version": 0,
          "attributes": {
            "arn": "arn:aws:ec2:us-east-1:289333746714:route-table/rtb-0c7058394e040ddf6",
            "id": "rtb-0c7058394e040ddf6",
            "owner_id": "289333746714",
            "propagating_vgws": [],
            "route": [
              {
                "carrier_gateway_id": "",
                "cidr_block": "0.0.0.0/0",
                "core_network_arn": "",
                "destination_prefix_list_id": "",
                "egress_only_gateway_id": "",
                "gateway_id": "igw-001b2d2e04ac44c82",
                "ipv6_cidr_block": "",
                "local_gateway_id": "",
                "nat_gateway_id": "",
                "network_interface_id": "",
                "transit_gateway_id": "",
                "vpc_endpoint_id": "",
                "vpc_peering_connection_id": ""
              }
            ],
            "tags": {},
            "tags_all": {},
            "timeouts": null,
            "vpc_id": "vpc-00b7a81533336a47d"
          },
          "sensitive_attributes": [],
          "private": "eyJlMmJmYjczMC1lY2FhLTExZTYtOGY4OC0zNDM2M2JjN2M0YzAiOnsiY3JlYXRlIjozMDAwMDAwMDAwMDAsImRlbGV0ZSI6MzAwMDAwMDAwMDAwLCJ1cGRhdGUiOjEyMDAwMDAwMDAwMH19",
          "dependencies": [
            "aws_vpc.pica"
          ]
        }
      ]
    },
    {
      "mode": "managed",
      "type": "aws_route_table_association",
      "name": "pica_private_subnet_association",
      "provider": "provider[\"registry.terraform.io/hashicorp/aws\"]",
      "instances": [
        {
          "schema_version": 0,
          "attributes": {
            "gateway_id": "",
            "id": "rtbassoc-09a241bdbba857184",
            "route_table_id": "rtb-0397f64306e5393be",
            "subnet_id": "subnet-0ae7157612fa3c3c0",
            "timeouts": null
          },
          "sensitive_attributes": [],
          "private": "eyJlMmJmYjczMC1lY2FhLTExZTYtOGY4OC0zNDM2M2JjN2M0YzAiOnsiY3JlYXRlIjozMDAwMDAwMDAwMDAsImRlbGV0ZSI6MzAwMDAwMDAwMDAwLCJ1cGRhdGUiOjEyMDAwMDAwMDAwMH19",
          "dependencies": [
            "aws_route_table.pica_private_route_table",
            "aws_subnet.pica_subnet_private",
            "aws_vpc.pica"
          ]
        }
      ]
    },
    {
      "mode": "managed",
      "type": "aws_route_table_association",
      "name": "public_association",
      "provider": "provider[\"registry.terraform.io/hashicorp/aws\"]",
      "instances": [
        {
          "schema_version": 0,
          "attributes": {
            "gateway_id": "",
            "id": "rtbassoc-0dd04cc3f7d2351f3",
            "route_table_id": "rtb-0c7058394e040ddf6",
            "subnet_id": "subnet-00993f4a9540393ae",
            "timeouts": null
          },
          "sensitive_attributes": [],
          "private": "eyJlMmJmYjczMC1lY2FhLTExZTYtOGY4OC0zNDM2M2JjN2M0YzAiOnsiY3JlYXRlIjozMDAwMDAwMDAwMDAsImRlbGV0ZSI6MzAwMDAwMDAwMDAwLCJ1cGRhdGUiOjEyMDAwMDAwMDAwMH19",
          "dependencies": [
            "aws_route_table.pica_table_route",
            "aws_subnet.pica_public",
            "aws_vpc.pica"
          ]
        }
      ]
    },
    {
      "mode": "managed",
      "type": "aws_security_group",
      "name": "pica_lambda_sg",
      "provider": "provider[\"registry.terraform.io/hashicorp/aws\"]",
      "instances": [
        {
          "schema_version": 1,
          "attributes": {
            "arn": "arn:aws:ec2:us-east-1:289333746714:security-group/sg-041b6e3c2384eaff1",
            "description": "Security group for Lambda in public subnet",
            "egress": [
              {
                "cidr_blocks": [
                  "0.0.0.0/0"
                ],
                "description": "",
                "from_port": 0,
                "ipv6_cidr_blocks": [],
                "prefix_list_ids": [],
                "protocol": "-1",
                "security_groups": [],
                "self": false,
                "to_port": 0
              }
            ],
            "id": "sg-041b6e3c2384eaff1",
            "ingress": [
              {
                "cidr_blocks": [
                  "10.0.0.0/16"
                ],
                "description": "",
                "from_port": 443,
                "ipv6_cidr_blocks": [],
                "prefix_list_ids": [],
                "protocol": "tcp",
                "security_groups": [],
                "self": false,
                "to_port": 443
              }
            ],
            "name": "pica-lambda-sg",
            "name_prefix": "",
            "owner_id": "289333746714",
            "revoke_rules_on_delete": false,
            "tags": {},
            "tags_all": {},
            "timeouts": null,
            "vpc_id": "vpc-00b7a81533336a47d"
          },
          "sensitive_attributes": [],
          "private": "eyJlMmJmYjczMC1lY2FhLTExZTYtOGY4OC0zNDM2M2JjN2M0YzAiOnsiY3JlYXRlIjo2MDAwMDAwMDAwMDAsImRlbGV0ZSI6OTAwMDAwMDAwMDAwfSwic2NoZW1hX3ZlcnNpb24iOiIxIn0=",
          "dependencies": [
            "aws_vpc.pica"
          ]
        }
      ]
    },
    {
      "mode": "managed",
      "type": "aws_sfn_state_machine",
      "name": "pica_dev_preaproved_machine",
      "provider": "provider[\"registry.terraform.io/hashicorp/aws\"]",
      "instances": [
        {
          "index_key": 0,
          "schema_version": 0,
          "attributes": {
            "arn": "arn:aws:states:us-east-1:289333746714:stateMachine:machine-dev-preaproved",
            "creation_date": "2023-11-12T22:19:19Z",
            "definition": "{\n  \"Comment\": \"hola vengo desde CLI\",\n  \"StartAt\": \"Customer\",\n  \"States\": {\n    \"Customer\": {\n      \"Type\": \"Task\",\n      \"Resource\": \"arn:aws:lambda:us-east-1:289333746714:function:lambda-dev-customer\",\n      \"Parameters\": {\n        \"headers.$\": \"$.headers\",\n        \"body.$\": \"States.JsonToString($.body.customer)\"\n      },\n      \"ResultPath\": \"$.resultCustomer\",\n      \"Next\": \"CheckResultCustomer\"\n    },\n    \"CheckResultCustomer\": {\n      \"Type\": \"Choice\",\n      \"Choices\": [\n        {\n          \"Variable\": \"$.resultCustomer.statusCode\",\n          \"NumericEquals\": 201,\n          \"Next\": \"Loans\"\n        }\n      ],\n      \"Default\": \"Finish\"\n    },\n    \"Loans\": {\n      \"Type\": \"Task\",\n      \"Resource\": \"arn:aws:lambda:us-east-1:289333746714:function:lambda-dev-loans\",\n      \"Parameters\": {\n        \"headers.$\": \"$.headers\",\n        \"body\": {\n          \"loan.$\": \"$.body.loan\",\n          \"customerDocument.$\": \"$.body.customer.document\",\n          \"customerIncome.$\": \"$.body.customer.income\"\n        }\n      },\n      \"ResultPath\": \"$.resultLoans\",\n      \"Next\": \"CheckResultLoans\"\n    },\n    \"CheckResultLoans\": {\n      \"Type\": \"Choice\",\n      \"Choices\": [\n        {\n          \"Variable\": \"$.resultLoans.statusCode\",\n          \"NumericEquals\": 201,\n          \"Next\": \"FinishLoans\"\n        }\n      ],\n      \"Default\": \"FinishLoans\"\n    },\n    \"Finish\": {\n      \"Type\": \"Pass\",\n      \"OutputPath\": \"$.resultCustomer\",\n      \"End\": true\n    },\n    \"FinishLoans\": {\n      \"Type\": \"Pass\",\n      \"OutputPath\": \"$.resultLoans\",\n      \"End\": true\n    }\n  }\n}",
            "description": "",
            "id": "arn:aws:states:us-east-1:289333746714:stateMachine:machine-dev-preaproved",
            "logging_configuration": [
              {
                "include_execution_data": false,
                "level": "OFF",
                "log_destination": ""
              }
            ],
            "name": "machine-dev-preaproved",
            "name_prefix": "",
            "publish": false,
            "revision_id": "f5ba3f39-1b6f-43ce-bb50-39ce294e3a75",
            "role_arn": "arn:aws:iam::289333746714:role/pica-stepfunction-role",
            "state_machine_version_arn": "",
            "status": "ACTIVE",
            "tags": {},
            "tags_all": {},
            "timeouts": null,
            "tracing_configuration": [
              {
                "enabled": false
              }
            ],
            "type": "EXPRESS",
            "version_description": null
          },
          "sensitive_attributes": [],
          "private": "eyJlMmJmYjczMC1lY2FhLTExZTYtOGY4OC0zNDM2M2JjN2M0YzAiOnsiY3JlYXRlIjozMDAwMDAwMDAwMDAsImRlbGV0ZSI6MzAwMDAwMDAwMDAwLCJ1cGRhdGUiOjYwMDAwMDAwMDAwfX0=",
          "dependencies": [
            "aws_iam_role.step_role"
          ]
        }
      ]
    },
    {
      "mode": "managed",
      "type": "aws_ssm_parameter",
      "name": "pica_dev_calculate_mock",
      "provider": "provider[\"registry.terraform.io/hashicorp/aws\"]",
      "instances": [
        {
          "index_key": 0,
          "schema_version": 0,
          "attributes": {
            "allowed_pattern": "",
            "arn": "arn:aws:ssm:us-east-1:289333746714:parameter/pica/dev/calculate/mock",
            "data_type": "text",
            "description": "mock de servicio",
            "id": "/pica/dev/calculate/mock",
            "insecure_value": null,
            "key_id": "",
            "name": "/pica/dev/calculate/mock",
            "overwrite": null,
            "tags": {},
            "tags_all": {},
            "tier": "Standard",
            "type": "String",
            "value": "1",
            "version": 1
          },
          "sensitive_attributes": [],
          "private": "bnVsbA=="
        }
      ]
    },
    {
      "mode": "managed",
      "type": "aws_ssm_parameter",
      "name": "pica_dev_customer_table",
      "provider": "provider[\"registry.terraform.io/hashicorp/aws\"]",
      "instances": [
        {
          "index_key": 0,
          "schema_version": 0,
          "attributes": {
            "allowed_pattern": "",
            "arn": "arn:aws:ssm:us-east-1:289333746714:parameter/pica/dev/customer/table-dynamo",
            "data_type": "text",
            "description": "Nombre de la tabla de clientes",
            "id": "/pica/dev/customer/table-dynamo",
            "insecure_value": null,
            "key_id": "",
            "name": "/pica/dev/customer/table-dynamo",
            "overwrite": null,
            "tags": {},
            "tags_all": {},
            "tier": "Standard",
            "type": "String",
            "value": "pica-dev-customer",
            "version": 1
          },
          "sensitive_attributes": [],
          "private": "bnVsbA==",
          "dependencies": [
            "aws_dynamodb_table.pica_dev_customer"
          ]
        }
      ]
    },
    {
      "mode": "managed",
      "type": "aws_ssm_parameter",
      "name": "pica_dev_insurance_table",
      "provider": "provider[\"registry.terraform.io/hashicorp/aws\"]",
      "instances": [
        {
          "index_key": 0,
          "schema_version": 0,
          "attributes": {
            "allowed_pattern": "",
            "arn": "arn:aws:ssm:us-east-1:289333746714:parameter/pica/dev/insurance/table-dynamo",
            "data_type": "text",
            "description": "Nombre de la tabla de seguros",
            "id": "/pica/dev/insurance/table-dynamo",
            "insecure_value": null,
            "key_id": "",
            "name": "/pica/dev/insurance/table-dynamo",
            "overwrite": null,
            "tags": {},
            "tags_all": {},
            "tier": "Standard",
            "type": "String",
            "value": "pica-dev-insurance",
            "version": 1
          },
          "sensitive_attributes": [],
          "private": "bnVsbA==",
          "dependencies": [
            "aws_dynamodb_table.pica_dev_insurance"
          ]
        }
      ]
    },
    {
      "mode": "managed",
      "type": "aws_ssm_parameter",
      "name": "pica_dev_loans_table",
      "provider": "provider[\"registry.terraform.io/hashicorp/aws\"]",
      "instances": [
        {
          "index_key": 0,
          "schema_version": 0,
          "attributes": {
            "allowed_pattern": "",
            "arn": "arn:aws:ssm:us-east-1:289333746714:parameter/pica/dev/loans/table-dynamo",
            "data_type": "text",
            "description": "Nombre de la tabla de pre aprobados",
            "id": "/pica/dev/loans/table-dynamo",
            "insecure_value": null,
            "key_id": "",
            "name": "/pica/dev/loans/table-dynamo",
            "overwrite": null,
            "tags": {},
            "tags_all": {},
            "tier": "Standard",
            "type": "String",
            "value": "pica-dev-loans",
            "version": 1
          },
          "sensitive_attributes": [],
          "private": "bnVsbA==",
          "dependencies": [
            "aws_dynamodb_table.pica_dev_loans"
          ]
        }
      ]
    },
    {
      "mode": "managed",
      "type": "aws_ssm_parameter",
      "name": "pica_dev_rate_table",
      "provider": "provider[\"registry.terraform.io/hashicorp/aws\"]",
      "instances": [
        {
          "index_key": 0,
          "schema_version": 0,
          "attributes": {
            "allowed_pattern": "",
            "arn": "arn:aws:ssm:us-east-1:289333746714:parameter/pica/dev/interase-rate/table-dynamo",
            "data_type": "text",
            "description": "Nombre de la tabla de tasas",
            "id": "/pica/dev/interase-rate/table-dynamo",
            "insecure_value": null,
            "key_id": "",
            "name": "/pica/dev/interase-rate/table-dynamo",
            "overwrite": null,
            "tags": {},
            "tags_all": {},
            "tier": "Standard",
            "type": "String",
            "value": "pica-dev-interase-rate",
            "version": 1
          },
          "sensitive_attributes": [],
          "private": "bnVsbA==",
          "dependencies": [
            "aws_dynamodb_table.pica_dev_interase_rate"
          ]
        }
      ]
    },
    {
      "mode": "managed",
      "type": "aws_subnet",
      "name": "pica_public",
      "provider": "provider[\"registry.terraform.io/hashicorp/aws\"]",
      "instances": [
        {
          "schema_version": 1,
          "attributes": {
            "arn": "arn:aws:ec2:us-east-1:289333746714:subnet/subnet-00993f4a9540393ae",
            "assign_ipv6_address_on_creation": false,
            "availability_zone": "us-east-1a",
            "availability_zone_id": "use1-az1",
            "cidr_block": "10.0.1.0/24",
            "customer_owned_ipv4_pool": "",
            "enable_dns64": false,
            "enable_lni_at_device_index": 0,
            "enable_resource_name_dns_a_record_on_launch": false,
            "enable_resource_name_dns_aaaa_record_on_launch": false,
            "id": "subnet-00993f4a9540393ae",
            "ipv6_cidr_block": "",
            "ipv6_cidr_block_association_id": "",
            "ipv6_native": false,
            "map_customer_owned_ip_on_launch": false,
            "map_public_ip_on_launch": true,
            "outpost_arn": "",
            "owner_id": "289333746714",
            "private_dns_hostname_type_on_launch": "ip-name",
            "tags": {
              "Name": "pica_public"
            },
            "tags_all": {
              "Name": "pica_public"
            },
            "timeouts": null,
            "vpc_id": "vpc-00b7a81533336a47d"
          },
          "sensitive_attributes": [],
          "private": "eyJlMmJmYjczMC1lY2FhLTExZTYtOGY4OC0zNDM2M2JjN2M0YzAiOnsiY3JlYXRlIjo2MDAwMDAwMDAwMDAsImRlbGV0ZSI6MTIwMDAwMDAwMDAwMH0sInNjaGVtYV92ZXJzaW9uIjoiMSJ9",
          "dependencies": [
            "aws_vpc.pica"
          ]
        }
      ]
    },
    {
      "mode": "managed",
      "type": "aws_subnet",
      "name": "pica_subnet_private",
      "provider": "provider[\"registry.terraform.io/hashicorp/aws\"]",
      "instances": [
        {
          "schema_version": 1,
          "attributes": {
            "arn": "arn:aws:ec2:us-east-1:289333746714:subnet/subnet-0ae7157612fa3c3c0",
            "assign_ipv6_address_on_creation": false,
            "availability_zone": "us-east-1a",
            "availability_zone_id": "use1-az1",
            "cidr_block": "10.0.2.0/24",
            "customer_owned_ipv4_pool": "",
            "enable_dns64": false,
            "enable_lni_at_device_index": 0,
            "enable_resource_name_dns_a_record_on_launch": false,
            "enable_resource_name_dns_aaaa_record_on_launch": false,
            "id": "subnet-0ae7157612fa3c3c0",
            "ipv6_cidr_block": "",
            "ipv6_cidr_block_association_id": "",
            "ipv6_native": false,
            "map_customer_owned_ip_on_launch": false,
            "map_public_ip_on_launch": false,
            "outpost_arn": "",
            "owner_id": "289333746714",
            "private_dns_hostname_type_on_launch": "ip-name",
            "tags": {
              "Name": "pica-subnet-private"
            },
            "tags_all": {
              "Name": "pica-subnet-private"
            },
            "timeouts": null,
            "vpc_id": "vpc-00b7a81533336a47d"
          },
          "sensitive_attributes": [],
          "private": "eyJlMmJmYjczMC1lY2FhLTExZTYtOGY4OC0zNDM2M2JjN2M0YzAiOnsiY3JlYXRlIjo2MDAwMDAwMDAwMDAsImRlbGV0ZSI6MTIwMDAwMDAwMDAwMH0sInNjaGVtYV92ZXJzaW9uIjoiMSJ9",
          "dependencies": [
            "aws_vpc.pica"
          ]
        }
      ]
    },
    {
      "mode": "managed",
      "type": "aws_vpc",
      "name": "pica",
      "provider": "provider[\"registry.terraform.io/hashicorp/aws\"]",
      "instances": [
        {
          "schema_version": 1,
          "attributes": {
            "arn": "arn:aws:ec2:us-east-1:289333746714:vpc/vpc-00b7a81533336a47d",
            "assign_generated_ipv6_cidr_block": false,
            "cidr_block": "10.0.0.0/16",
            "default_network_acl_id": "acl-0d11e30832af27461",
            "default_route_table_id": "rtb-04ed8dc21824fceeb",
            "default_security_group_id": "sg-0574de1ba005ddd3c",
            "dhcp_options_id": "dopt-00d951676d4d0bab1",
            "enable_dns_hostnames": true,
            "enable_dns_support": true,
            "enable_network_address_usage_metrics": false,
            "id": "vpc-00b7a81533336a47d",
            "instance_tenancy": "default",
            "ipv4_ipam_pool_id": null,
            "ipv4_netmask_length": null,
            "ipv6_association_id": "",
            "ipv6_cidr_block": "",
            "ipv6_cidr_block_network_border_group": "",
            "ipv6_ipam_pool_id": "",
            "ipv6_netmask_length": 0,
            "main_route_table_id": "rtb-04ed8dc21824fceeb",
            "owner_id": "289333746714",
            "tags": {
              "Name": "pica-vpc"
            },
            "tags_all": {
              "Name": "pica-vpc"
            }
          },
          "sensitive_attributes": [],
          "private": "eyJzY2hlbWFfdmVyc2lvbiI6IjEifQ=="
        }
      ]
    }
  ],
  "check_results": null
}
